// !$*UTF8*$!
{
	archiveVersion = 1;
	classes = {
	};
	objectVersion = 51;
	objects = {

/* Begin PBXBuildFile section */
		2E0B14FB2679DBEC0086004F /* UIViewController+Keyboard.swift in Sources */ = {isa = PBXBuildFile; fileRef = 2E0B14FA2679DBEC0086004F /* UIViewController+Keyboard.swift */; };
		2E196CE8267A474600CFE6DF /* StringConstants.swift in Sources */ = {isa = PBXBuildFile; fileRef = 2E196CE7267A474600CFE6DF /* StringConstants.swift */; };
		2E6D6A722679128300FA7600 /* Call.storyboard in Resources */ = {isa = PBXBuildFile; fileRef = 2E6D6A712679128300FA7600 /* Call.storyboard */; };
		2E6D6A7E267917A600FA7600 /* CallViewController.swift in Sources */ = {isa = PBXBuildFile; fileRef = 2E6D6A7D267917A600FA7600 /* CallViewController.swift */; };
		2E6D6A802679287100FA7600 /* VideoCollectionViewCell.swift in Sources */ = {isa = PBXBuildFile; fileRef = 2E6D6A7F2679287100FA7600 /* VideoCollectionViewCell.swift */; };
		2E7E38E92676FC0A00034007 /* AppDelegate.swift in Sources */ = {isa = PBXBuildFile; fileRef = 2E7E38E82676FC0A00034007 /* AppDelegate.swift */; };
		2E7E38EB2676FC0A00034007 /* SceneDelegate.swift in Sources */ = {isa = PBXBuildFile; fileRef = 2E7E38EA2676FC0A00034007 /* SceneDelegate.swift */; };
		2E7E38ED2676FC0A00034007 /* HomeViewController.swift in Sources */ = {isa = PBXBuildFile; fileRef = 2E7E38EC2676FC0A00034007 /* HomeViewController.swift */; };
		2E7E38F02676FC0A00034007 /* Home.storyboard in Resources */ = {isa = PBXBuildFile; fileRef = 2E7E38EE2676FC0A00034007 /* Home.storyboard */; };
		2E7E38F22676FC0C00034007 /* Assets.xcassets in Resources */ = {isa = PBXBuildFile; fileRef = 2E7E38F12676FC0C00034007 /* Assets.xcassets */; };
		2E7E38F52676FC0C00034007 /* LaunchScreen.storyboard in Resources */ = {isa = PBXBuildFile; fileRef = 2E7E38F32676FC0C00034007 /* LaunchScreen.storyboard */; };
		2E7E39002676FC0C00034007 /* FikaTests.swift in Sources */ = {isa = PBXBuildFile; fileRef = 2E7E38FF2676FC0C00034007 /* FikaTests.swift */; };
		2E7E390B2676FC0C00034007 /* FikaUITests.swift in Sources */ = {isa = PBXBuildFile; fileRef = 2E7E390A2676FC0C00034007 /* FikaUITests.swift */; };
		2E7E392626779B8800034007 /* Onboarding.storyboard in Resources */ = {isa = PBXBuildFile; fileRef = 2E7E392526779B8800034007 /* Onboarding.storyboard */; };
		2E7E392A26779C0300034007 /* NexaBold.otf in Resources */ = {isa = PBXBuildFile; fileRef = 2E7E392826779BF100034007 /* NexaBold.otf */; };
		2E7E392B26779C0800034007 /* NexaLight.otf in Resources */ = {isa = PBXBuildFile; fileRef = 2E7E392926779BF100034007 /* NexaLight.otf */; };
		2E7E392E26779EF000034007 /* UIView+ShadowColor.swift in Sources */ = {isa = PBXBuildFile; fileRef = 2E7E392D26779EF000034007 /* UIView+ShadowColor.swift */; };
		2E7E39302677A6A700034007 /* OnboardingPageViewController.swift in Sources */ = {isa = PBXBuildFile; fileRef = 2E7E392F2677A6A600034007 /* OnboardingPageViewController.swift */; };
		2E7E39332677AAF600034007 /* OnboardingPageViewControllerDelegate.swift in Sources */ = {isa = PBXBuildFile; fileRef = 2E7E39322677AAF600034007 /* OnboardingPageViewControllerDelegate.swift */; };
		2E7E39352677ACA700034007 /* OnboardingViewController.swift in Sources */ = {isa = PBXBuildFile; fileRef = 2E7E39342677ACA700034007 /* OnboardingViewController.swift */; };
		2E7E39372677B08200034007 /* PageViewController.swift in Sources */ = {isa = PBXBuildFile; fileRef = 2E7E39362677B08200034007 /* PageViewController.swift */; };
		2E975DBB2678C88C00907565 /* UIViewController+HideNavBar.swift in Sources */ = {isa = PBXBuildFile; fileRef = 2E975DBA2678C88C00907565 /* UIViewController+HideNavBar.swift */; };
		2E975DBE2678D45A00907565 /* UserRepository.swift in Sources */ = {isa = PBXBuildFile; fileRef = 2E975DBD2678D45A00907565 /* UserRepository.swift */; };
		2E9FB1B12679A0FA00EAAF78 /* ColorConstants.swift in Sources */ = {isa = PBXBuildFile; fileRef = 2E9FB1B02679A0FA00EAAF78 /* ColorConstants.swift */; };
		2EA6E4C926793AEB00889F78 /* AgoraConstants.swift in Sources */ = {isa = PBXBuildFile; fileRef = 2EA6E4C826793AEB00889F78 /* AgoraConstants.swift */; };
		2EAB40762677B5C800FFF586 /* Registration.storyboard in Resources */ = {isa = PBXBuildFile; fileRef = 2EAB40752677B5C800FFF586 /* Registration.storyboard */; };
		2EAB40782677B7DF00FFF586 /* CompanyCodeViewController.swift in Sources */ = {isa = PBXBuildFile; fileRef = 2EAB40772677B7DF00FFF586 /* CompanyCodeViewController.swift */; };
		2EFA3CDB2677BBD8009B2826 /* TextField.swift in Sources */ = {isa = PBXBuildFile; fileRef = 2EFA3CDA2677BBD8009B2826 /* TextField.swift */; };
		2EFA3CDE2677BF1C009B2826 /* AccountRegistrationViewController.swift in Sources */ = {isa = PBXBuildFile; fileRef = 2EFA3CDD2677BF1C009B2826 /* AccountRegistrationViewController.swift */; };
		720742082677C1E100D5502B /* Landing.storyboard in Resources */ = {isa = PBXBuildFile; fileRef = 720742072677C1E100D5502B /* Landing.storyboard */; };
		7207420B2677C1F900D5502B /* LandingPageViewController.swift in Sources */ = {isa = PBXBuildFile; fileRef = 7207420A2677C1F900D5502B /* LandingPageViewController.swift */; };
		7207421426783E9A00D5502B /* LoginPageViewController.swift in Sources */ = {isa = PBXBuildFile; fileRef = 7207421326783E9A00D5502B /* LoginPageViewController.swift */; };
		726E4134267901EE00DA377F /* Company.swift in Sources */ = {isa = PBXBuildFile; fileRef = 726E4133267901EE00DA377F /* Company.swift */; };
		726E41372679020B00DA377F /* Session.swift in Sources */ = {isa = PBXBuildFile; fileRef = 726E41362679020B00DA377F /* Session.swift */; };
		726E41392679022000DA377F /* Timeslot.swift in Sources */ = {isa = PBXBuildFile; fileRef = 726E41382679022000DA377F /* Timeslot.swift */; };
		726E413C2679024100DA377F /* User.swift in Sources */ = {isa = PBXBuildFile; fileRef = 726E413B2679024100DA377F /* User.swift */; };
		72EB60982679B1F600203ABD /* FirebaseConnection.swift in Sources */ = {isa = PBXBuildFile; fileRef = 72EB60972679B1F600203ABD /* FirebaseConnection.swift */; };
		72EB609E2679C17300203ABD /* UserRecord.swift in Sources */ = {isa = PBXBuildFile; fileRef = 72EB609D2679C17300203ABD /* UserRecord.swift */; };
		72EB60A02679C45B00203ABD /* SessionRecord.swift in Sources */ = {isa = PBXBuildFile; fileRef = 72EB609F2679C45B00203ABD /* SessionRecord.swift */; };
		7633D95931701ED80FB10C53 /* Pods_Fika.framework in Frameworks */ = {isa = PBXBuildFile; fileRef = 89CCA8B38AD2B1972628860B /* Pods_Fika.framework */; };
		A6226FCB045949A80AFD8C28 /* Pods_Fika_FikaUITests.framework in Frameworks */ = {isa = PBXBuildFile; fileRef = 4CEC1E71191AF86975A1FF0F /* Pods_Fika_FikaUITests.framework */; };
		AE68628926777A9700059414 /* Profile.storyboard in Resources */ = {isa = PBXBuildFile; fileRef = AE68628826777A9700059414 /* Profile.storyboard */; };
		AE68628B26777ADB00059414 /* ProfileViewController.swift in Sources */ = {isa = PBXBuildFile; fileRef = AE68628A26777ADB00059414 /* ProfileViewController.swift */; };
		AE867BA726783E82007A0EB2 /* TimingViewController.swift in Sources */ = {isa = PBXBuildFile; fileRef = AE867BA626783E82007A0EB2 /* TimingViewController.swift */; };
		D4A236D5EB437462A607686D /* Pods_FikaTests.framework in Frameworks */ = {isa = PBXBuildFile; fileRef = CFDE14CD30CA2A56116A3864 /* Pods_FikaTests.framework */; };
		EBE8CD0926789D5C0092338E /* GoogleService-Info.plist in Resources */ = {isa = PBXBuildFile; fileRef = EBE8CD0826789D5C0092338E /* GoogleService-Info.plist */; };
/* End PBXBuildFile section */

/* Begin PBXContainerItemProxy section */
		2E7E38FC2676FC0C00034007 /* PBXContainerItemProxy */ = {
			isa = PBXContainerItemProxy;
			containerPortal = 2E7E38DD2676FC0A00034007 /* Project object */;
			proxyType = 1;
			remoteGlobalIDString = 2E7E38E42676FC0A00034007;
			remoteInfo = Fika;
		};
		2E7E39072676FC0C00034007 /* PBXContainerItemProxy */ = {
			isa = PBXContainerItemProxy;
			containerPortal = 2E7E38DD2676FC0A00034007 /* Project object */;
			proxyType = 1;
			remoteGlobalIDString = 2E7E38E42676FC0A00034007;
			remoteInfo = Fika;
		};
/* End PBXContainerItemProxy section */

/* Begin PBXFileReference section */
		0D3610B65682502887E3FE54 /* Pods-Fika-FikaUITests.debug.xcconfig */ = {isa = PBXFileReference; includeInIndex = 1; lastKnownFileType = text.xcconfig; name = "Pods-Fika-FikaUITests.debug.xcconfig"; path = "Target Support Files/Pods-Fika-FikaUITests/Pods-Fika-FikaUITests.debug.xcconfig"; sourceTree = "<group>"; };
		2E0B14FA2679DBEC0086004F /* UIViewController+Keyboard.swift */ = {isa = PBXFileReference; lastKnownFileType = sourcecode.swift; path = "UIViewController+Keyboard.swift"; sourceTree = "<group>"; };
		2E196CE7267A474600CFE6DF /* StringConstants.swift */ = {isa = PBXFileReference; lastKnownFileType = sourcecode.swift; path = StringConstants.swift; sourceTree = "<group>"; };
		2E6D6A712679128300FA7600 /* Call.storyboard */ = {isa = PBXFileReference; lastKnownFileType = file.storyboard; path = Call.storyboard; sourceTree = "<group>"; };
		2E6D6A7D267917A600FA7600 /* CallViewController.swift */ = {isa = PBXFileReference; lastKnownFileType = sourcecode.swift; path = CallViewController.swift; sourceTree = "<group>"; };
		2E6D6A7F2679287100FA7600 /* VideoCollectionViewCell.swift */ = {isa = PBXFileReference; lastKnownFileType = sourcecode.swift; path = VideoCollectionViewCell.swift; sourceTree = "<group>"; };
		2E7E38E52676FC0A00034007 /* Fika.app */ = {isa = PBXFileReference; explicitFileType = wrapper.application; includeInIndex = 0; path = Fika.app; sourceTree = BUILT_PRODUCTS_DIR; };
		2E7E38E82676FC0A00034007 /* AppDelegate.swift */ = {isa = PBXFileReference; lastKnownFileType = sourcecode.swift; path = AppDelegate.swift; sourceTree = "<group>"; };
		2E7E38EA2676FC0A00034007 /* SceneDelegate.swift */ = {isa = PBXFileReference; lastKnownFileType = sourcecode.swift; path = SceneDelegate.swift; sourceTree = "<group>"; };
		2E7E38EC2676FC0A00034007 /* HomeViewController.swift */ = {isa = PBXFileReference; lastKnownFileType = sourcecode.swift; path = HomeViewController.swift; sourceTree = "<group>"; };
		2E7E38EF2676FC0A00034007 /* Base */ = {isa = PBXFileReference; lastKnownFileType = file.storyboard; name = Base; path = Base.lproj/Home.storyboard; sourceTree = "<group>"; };
		2E7E38F12676FC0C00034007 /* Assets.xcassets */ = {isa = PBXFileReference; lastKnownFileType = folder.assetcatalog; path = Assets.xcassets; sourceTree = "<group>"; };
		2E7E38F42676FC0C00034007 /* Base */ = {isa = PBXFileReference; lastKnownFileType = file.storyboard; name = Base; path = Base.lproj/LaunchScreen.storyboard; sourceTree = "<group>"; };
		2E7E38F62676FC0C00034007 /* Info.plist */ = {isa = PBXFileReference; lastKnownFileType = text.plist.xml; path = Info.plist; sourceTree = "<group>"; };
		2E7E38FB2676FC0C00034007 /* FikaTests.xctest */ = {isa = PBXFileReference; explicitFileType = wrapper.cfbundle; includeInIndex = 0; path = FikaTests.xctest; sourceTree = BUILT_PRODUCTS_DIR; };
		2E7E38FF2676FC0C00034007 /* FikaTests.swift */ = {isa = PBXFileReference; lastKnownFileType = sourcecode.swift; path = FikaTests.swift; sourceTree = "<group>"; };
		2E7E39012676FC0C00034007 /* Info.plist */ = {isa = PBXFileReference; lastKnownFileType = text.plist.xml; path = Info.plist; sourceTree = "<group>"; };
		2E7E39062676FC0C00034007 /* FikaUITests.xctest */ = {isa = PBXFileReference; explicitFileType = wrapper.cfbundle; includeInIndex = 0; path = FikaUITests.xctest; sourceTree = BUILT_PRODUCTS_DIR; };
		2E7E390A2676FC0C00034007 /* FikaUITests.swift */ = {isa = PBXFileReference; lastKnownFileType = sourcecode.swift; path = FikaUITests.swift; sourceTree = "<group>"; };
		2E7E390C2676FC0C00034007 /* Info.plist */ = {isa = PBXFileReference; lastKnownFileType = text.plist.xml; path = Info.plist; sourceTree = "<group>"; };
		2E7E392526779B8800034007 /* Onboarding.storyboard */ = {isa = PBXFileReference; lastKnownFileType = file.storyboard; path = Onboarding.storyboard; sourceTree = "<group>"; };
		2E7E392826779BF100034007 /* NexaBold.otf */ = {isa = PBXFileReference; lastKnownFileType = file; path = NexaBold.otf; sourceTree = "<group>"; };
		2E7E392926779BF100034007 /* NexaLight.otf */ = {isa = PBXFileReference; lastKnownFileType = file; path = NexaLight.otf; sourceTree = "<group>"; };
		2E7E392D26779EF000034007 /* UIView+ShadowColor.swift */ = {isa = PBXFileReference; lastKnownFileType = sourcecode.swift; path = "UIView+ShadowColor.swift"; sourceTree = "<group>"; };
		2E7E392F2677A6A600034007 /* OnboardingPageViewController.swift */ = {isa = PBXFileReference; lastKnownFileType = sourcecode.swift; path = OnboardingPageViewController.swift; sourceTree = "<group>"; };
		2E7E39322677AAF600034007 /* OnboardingPageViewControllerDelegate.swift */ = {isa = PBXFileReference; lastKnownFileType = sourcecode.swift; path = OnboardingPageViewControllerDelegate.swift; sourceTree = "<group>"; };
		2E7E39342677ACA700034007 /* OnboardingViewController.swift */ = {isa = PBXFileReference; lastKnownFileType = sourcecode.swift; path = OnboardingViewController.swift; sourceTree = "<group>"; };
		2E7E39362677B08200034007 /* PageViewController.swift */ = {isa = PBXFileReference; lastKnownFileType = sourcecode.swift; path = PageViewController.swift; sourceTree = "<group>"; };
		2E975DBA2678C88C00907565 /* UIViewController+HideNavBar.swift */ = {isa = PBXFileReference; lastKnownFileType = sourcecode.swift; path = "UIViewController+HideNavBar.swift"; sourceTree = "<group>"; };
		2E975DBD2678D45A00907565 /* UserRepository.swift */ = {isa = PBXFileReference; lastKnownFileType = sourcecode.swift; path = UserRepository.swift; sourceTree = "<group>"; };
		2E9FB1B02679A0FA00EAAF78 /* ColorConstants.swift */ = {isa = PBXFileReference; lastKnownFileType = sourcecode.swift; path = ColorConstants.swift; sourceTree = "<group>"; };
		2EA6E4C826793AEB00889F78 /* AgoraConstants.swift */ = {isa = PBXFileReference; lastKnownFileType = sourcecode.swift; path = AgoraConstants.swift; sourceTree = "<group>"; };
		2EAB40752677B5C800FFF586 /* Registration.storyboard */ = {isa = PBXFileReference; lastKnownFileType = file.storyboard; path = Registration.storyboard; sourceTree = "<group>"; };
		2EAB40772677B7DF00FFF586 /* CompanyCodeViewController.swift */ = {isa = PBXFileReference; lastKnownFileType = sourcecode.swift; path = CompanyCodeViewController.swift; sourceTree = "<group>"; };
		2EFA3CDA2677BBD8009B2826 /* TextField.swift */ = {isa = PBXFileReference; lastKnownFileType = sourcecode.swift; path = TextField.swift; sourceTree = "<group>"; };
		2EFA3CDD2677BF1C009B2826 /* AccountRegistrationViewController.swift */ = {isa = PBXFileReference; lastKnownFileType = sourcecode.swift; path = AccountRegistrationViewController.swift; sourceTree = "<group>"; };
		477E98C98EF240C6F55195BA /* Pods-Fika.debug.xcconfig */ = {isa = PBXFileReference; includeInIndex = 1; lastKnownFileType = text.xcconfig; name = "Pods-Fika.debug.xcconfig"; path = "Target Support Files/Pods-Fika/Pods-Fika.debug.xcconfig"; sourceTree = "<group>"; };
		4CEC1E71191AF86975A1FF0F /* Pods_Fika_FikaUITests.framework */ = {isa = PBXFileReference; explicitFileType = wrapper.framework; includeInIndex = 0; path = Pods_Fika_FikaUITests.framework; sourceTree = BUILT_PRODUCTS_DIR; };
		720742072677C1E100D5502B /* Landing.storyboard */ = {isa = PBXFileReference; lastKnownFileType = file.storyboard; path = Landing.storyboard; sourceTree = "<group>"; };
		7207420A2677C1F900D5502B /* LandingPageViewController.swift */ = {isa = PBXFileReference; lastKnownFileType = sourcecode.swift; path = LandingPageViewController.swift; sourceTree = "<group>"; };
		7207421326783E9A00D5502B /* LoginPageViewController.swift */ = {isa = PBXFileReference; lastKnownFileType = sourcecode.swift; path = LoginPageViewController.swift; sourceTree = "<group>"; };
		726E4133267901EE00DA377F /* Company.swift */ = {isa = PBXFileReference; lastKnownFileType = sourcecode.swift; path = Company.swift; sourceTree = "<group>"; };
		726E41362679020B00DA377F /* Session.swift */ = {isa = PBXFileReference; lastKnownFileType = sourcecode.swift; path = Session.swift; sourceTree = "<group>"; };
		726E41382679022000DA377F /* Timeslot.swift */ = {isa = PBXFileReference; lastKnownFileType = sourcecode.swift; path = Timeslot.swift; sourceTree = "<group>"; };
		726E413B2679024100DA377F /* User.swift */ = {isa = PBXFileReference; lastKnownFileType = sourcecode.swift; path = User.swift; sourceTree = "<group>"; };
		72EB60972679B1F600203ABD /* FirebaseConnection.swift */ = {isa = PBXFileReference; lastKnownFileType = sourcecode.swift; path = FirebaseConnection.swift; sourceTree = "<group>"; };
		72EB609D2679C17300203ABD /* UserRecord.swift */ = {isa = PBXFileReference; lastKnownFileType = sourcecode.swift; path = UserRecord.swift; sourceTree = "<group>"; };
		72EB609F2679C45B00203ABD /* SessionRecord.swift */ = {isa = PBXFileReference; lastKnownFileType = sourcecode.swift; path = SessionRecord.swift; sourceTree = "<group>"; };
		7D062D7F631673D8E70DE3D5 /* Pods-Fika-FikaUITests.release.xcconfig */ = {isa = PBXFileReference; includeInIndex = 1; lastKnownFileType = text.xcconfig; name = "Pods-Fika-FikaUITests.release.xcconfig"; path = "Target Support Files/Pods-Fika-FikaUITests/Pods-Fika-FikaUITests.release.xcconfig"; sourceTree = "<group>"; };
		89CCA8B38AD2B1972628860B /* Pods_Fika.framework */ = {isa = PBXFileReference; explicitFileType = wrapper.framework; includeInIndex = 0; path = Pods_Fika.framework; sourceTree = BUILT_PRODUCTS_DIR; };
		8C1D270DE54533AF1D03D78F /* Pods-FikaTests.debug.xcconfig */ = {isa = PBXFileReference; includeInIndex = 1; lastKnownFileType = text.xcconfig; name = "Pods-FikaTests.debug.xcconfig"; path = "Target Support Files/Pods-FikaTests/Pods-FikaTests.debug.xcconfig"; sourceTree = "<group>"; };
		ABBC825B86CFB69FEEABD285 /* Pods-Fika.release.xcconfig */ = {isa = PBXFileReference; includeInIndex = 1; lastKnownFileType = text.xcconfig; name = "Pods-Fika.release.xcconfig"; path = "Target Support Files/Pods-Fika/Pods-Fika.release.xcconfig"; sourceTree = "<group>"; };
		AE68628826777A9700059414 /* Profile.storyboard */ = {isa = PBXFileReference; lastKnownFileType = file.storyboard; path = Profile.storyboard; sourceTree = "<group>"; };
		AE68628A26777ADB00059414 /* ProfileViewController.swift */ = {isa = PBXFileReference; lastKnownFileType = sourcecode.swift; path = ProfileViewController.swift; sourceTree = "<group>"; };
		AE867BA626783E82007A0EB2 /* TimingViewController.swift */ = {isa = PBXFileReference; lastKnownFileType = sourcecode.swift; path = TimingViewController.swift; sourceTree = "<group>"; };
		CFDE14CD30CA2A56116A3864 /* Pods_FikaTests.framework */ = {isa = PBXFileReference; explicitFileType = wrapper.framework; includeInIndex = 0; path = Pods_FikaTests.framework; sourceTree = BUILT_PRODUCTS_DIR; };
		EBE8CD0826789D5C0092338E /* GoogleService-Info.plist */ = {isa = PBXFileReference; fileEncoding = 4; lastKnownFileType = text.plist.xml; path = "GoogleService-Info.plist"; sourceTree = "<group>"; };
		F1B535850BA8503C8A8BB8A5 /* Pods-FikaTests.release.xcconfig */ = {isa = PBXFileReference; includeInIndex = 1; lastKnownFileType = text.xcconfig; name = "Pods-FikaTests.release.xcconfig"; path = "Target Support Files/Pods-FikaTests/Pods-FikaTests.release.xcconfig"; sourceTree = "<group>"; };
/* End PBXFileReference section */

/* Begin PBXFrameworksBuildPhase section */
		2E7E38E22676FC0A00034007 /* Frameworks */ = {
			isa = PBXFrameworksBuildPhase;
			buildActionMask = 2147483647;
			files = (
				7633D95931701ED80FB10C53 /* Pods_Fika.framework in Frameworks */,
			);
			runOnlyForDeploymentPostprocessing = 0;
		};
		2E7E38F82676FC0C00034007 /* Frameworks */ = {
			isa = PBXFrameworksBuildPhase;
			buildActionMask = 2147483647;
			files = (
				D4A236D5EB437462A607686D /* Pods_FikaTests.framework in Frameworks */,
			);
			runOnlyForDeploymentPostprocessing = 0;
		};
		2E7E39032676FC0C00034007 /* Frameworks */ = {
			isa = PBXFrameworksBuildPhase;
			buildActionMask = 2147483647;
			files = (
				A6226FCB045949A80AFD8C28 /* Pods_Fika_FikaUITests.framework in Frameworks */,
			);
			runOnlyForDeploymentPostprocessing = 0;
		};
/* End PBXFrameworksBuildPhase section */

/* Begin PBXGroup section */
		25262C475ABC931A00ED5E9B /* Pods */ = {
			isa = PBXGroup;
			children = (
				477E98C98EF240C6F55195BA /* Pods-Fika.debug.xcconfig */,
				ABBC825B86CFB69FEEABD285 /* Pods-Fika.release.xcconfig */,
				0D3610B65682502887E3FE54 /* Pods-Fika-FikaUITests.debug.xcconfig */,
				7D062D7F631673D8E70DE3D5 /* Pods-Fika-FikaUITests.release.xcconfig */,
				8C1D270DE54533AF1D03D78F /* Pods-FikaTests.debug.xcconfig */,
				F1B535850BA8503C8A8BB8A5 /* Pods-FikaTests.release.xcconfig */,
			);
			path = Pods;
			sourceTree = "<group>";
		};
		2E6D6A6E2679126500FA7600 /* Call */ = {
			isa = PBXGroup;
			children = (
				2E6D6A6F2679126F00FA7600 /* Views */,
				2E6D6A702679127400FA7600 /* Controllers */,
			);
			path = Call;
			sourceTree = "<group>";
		};
		2E6D6A6F2679126F00FA7600 /* Views */ = {
			isa = PBXGroup;
			children = (
				2E6D6A712679128300FA7600 /* Call.storyboard */,
				2E6D6A7F2679287100FA7600 /* VideoCollectionViewCell.swift */,
			);
			path = Views;
			sourceTree = "<group>";
		};
		2E6D6A702679127400FA7600 /* Controllers */ = {
			isa = PBXGroup;
			children = (
				2E6D6A7D267917A600FA7600 /* CallViewController.swift */,
			);
			path = Controllers;
			sourceTree = "<group>";
		};
		2E7E38DC2676FC0A00034007 = {
			isa = PBXGroup;
			children = (
				2E7E38E72676FC0A00034007 /* Fika */,
				2E7E38FE2676FC0C00034007 /* FikaTests */,
				2E7E39092676FC0C00034007 /* FikaUITests */,
				2E7E38E62676FC0A00034007 /* Products */,
				25262C475ABC931A00ED5E9B /* Pods */,
				B9C7528BA9B240988906B1EF /* Frameworks */,
			);
			sourceTree = "<group>";
		};
		2E7E38E62676FC0A00034007 /* Products */ = {
			isa = PBXGroup;
			children = (
				2E7E38E52676FC0A00034007 /* Fika.app */,
				2E7E38FB2676FC0C00034007 /* FikaTests.xctest */,
				2E7E39062676FC0C00034007 /* FikaUITests.xctest */,
			);
			name = Products;
			sourceTree = "<group>";
		};
		2E7E38E72676FC0A00034007 /* Fika */ = {
			isa = PBXGroup;
			children = (
				2E7E391E2677084600034007 /* Models */,
				2E7E391D2677082E00034007 /* Application */,
				2E7E391C2677082500034007 /* Common */,
				2E7E391B2677081D00034007 /* Assets */,
				2E7E391A2677081200034007 /* Bootstrap */,
				2E7E39192677080600034007 /* Supporting Files */,
			);
			path = Fika;
			sourceTree = "<group>";
		};
		2E7E38FE2676FC0C00034007 /* FikaTests */ = {
			isa = PBXGroup;
			children = (
				2E7E38FF2676FC0C00034007 /* FikaTests.swift */,
				2E7E39012676FC0C00034007 /* Info.plist */,
			);
			path = FikaTests;
			sourceTree = "<group>";
		};
		2E7E39092676FC0C00034007 /* FikaUITests */ = {
			isa = PBXGroup;
			children = (
				2E7E390A2676FC0C00034007 /* FikaUITests.swift */,
				2E7E390C2676FC0C00034007 /* Info.plist */,
			);
			path = FikaUITests;
			sourceTree = "<group>";
		};
		2E7E39192677080600034007 /* Supporting Files */ = {
			isa = PBXGroup;
			children = (
				EBE8CD0826789D5C0092338E /* GoogleService-Info.plist */,
				2E7E38F62676FC0C00034007 /* Info.plist */,
			);
			path = "Supporting Files";
			sourceTree = "<group>";
		};
		2E7E391A2677081200034007 /* Bootstrap */ = {
			isa = PBXGroup;
			children = (
				2E7E38E82676FC0A00034007 /* AppDelegate.swift */,
				2E7E38EA2676FC0A00034007 /* SceneDelegate.swift */,
				2E7E38F32676FC0C00034007 /* LaunchScreen.storyboard */,
			);
			path = Bootstrap;
			sourceTree = "<group>";
		};
		2E7E391B2677081D00034007 /* Assets */ = {
			isa = PBXGroup;
			children = (
				2E7E38F12676FC0C00034007 /* Assets.xcassets */,
				2E7E392726779BE100034007 /* Fonts */,
			);
			path = Assets;
			sourceTree = "<group>";
		};
		2E7E391C2677082500034007 /* Common */ = {
			isa = PBXGroup;
			children = (
				2EA6E4C726793ADD00889F78 /* Constants */,
				2E975DBC2678D44200907565 /* Persistence */,
				2EFA3CDC2677BBE3009B2826 /* Views */,
				2E7E392C26779ED900034007 /* Extensions */,
			);
			path = Common;
			sourceTree = "<group>";
		};
		2E7E391D2677082E00034007 /* Application */ = {
			isa = PBXGroup;
			children = (
				720742022677C17400D5502B /* Landing */,
				2E7E392226779AA600034007 /* Onboarding */,
				2EAB40722677B59D00FFF586 /* Registration */,
				AE867BA126783DF4007A0EB2 /* Profile */,
				2E7E391F2677086200034007 /* Home */,
				2E6D6A6E2679126500FA7600 /* Call */,
			);
			path = Application;
			sourceTree = "<group>";
		};
		2E7E391E2677084600034007 /* Models */ = {
			isa = PBXGroup;
			children = (
				726E413A2679023500DA377F /* User */,
				726E4135267901FF00DA377F /* Session */,
				726E4132267901D400DA377F /* Company */,
			);
			path = Models;
			sourceTree = "<group>";
		};
		2E7E391F2677086200034007 /* Home */ = {
			isa = PBXGroup;
			children = (
				2E7E39202677086A00034007 /* Views */,
				2E7E39212677087100034007 /* Controllers */,
			);
			path = Home;
			sourceTree = "<group>";
		};
		2E7E39202677086A00034007 /* Views */ = {
			isa = PBXGroup;
			children = (
				2E7E38EE2676FC0A00034007 /* Home.storyboard */,
			);
			path = Views;
			sourceTree = "<group>";
		};
		2E7E39212677087100034007 /* Controllers */ = {
			isa = PBXGroup;
			children = (
				2E7E38EC2676FC0A00034007 /* HomeViewController.swift */,
			);
			path = Controllers;
			sourceTree = "<group>";
		};
		2E7E392226779AA600034007 /* Onboarding */ = {
			isa = PBXGroup;
			children = (
				2E7E392326779B3D00034007 /* Views */,
				2E7E392426779B4100034007 /* Controllers */,
				2E7E39312677AADC00034007 /* Protocols */,
			);
			path = Onboarding;
			sourceTree = "<group>";
		};
		2E7E392326779B3D00034007 /* Views */ = {
			isa = PBXGroup;
			children = (
				2E7E392526779B8800034007 /* Onboarding.storyboard */,
			);
			path = Views;
			sourceTree = "<group>";
		};
		2E7E392426779B4100034007 /* Controllers */ = {
			isa = PBXGroup;
			children = (
				2E7E39342677ACA700034007 /* OnboardingViewController.swift */,
				2E7E392F2677A6A600034007 /* OnboardingPageViewController.swift */,
			);
			path = Controllers;
			sourceTree = "<group>";
		};
		2E7E392726779BE100034007 /* Fonts */ = {
			isa = PBXGroup;
			children = (
				2E7E392826779BF100034007 /* NexaBold.otf */,
				2E7E392926779BF100034007 /* NexaLight.otf */,
			);
			path = Fonts;
			sourceTree = "<group>";
		};
		2E7E392C26779ED900034007 /* Extensions */ = {
			isa = PBXGroup;
			children = (
				2E7E392D26779EF000034007 /* UIView+ShadowColor.swift */,
				2E975DBA2678C88C00907565 /* UIViewController+HideNavBar.swift */,
				2E0B14FA2679DBEC0086004F /* UIViewController+Keyboard.swift */,
			);
			path = Extensions;
			sourceTree = "<group>";
		};
		2E7E39312677AADC00034007 /* Protocols */ = {
			isa = PBXGroup;
			children = (
				2E7E39322677AAF600034007 /* OnboardingPageViewControllerDelegate.swift */,
				2E7E39362677B08200034007 /* PageViewController.swift */,
			);
			path = Protocols;
			sourceTree = "<group>";
		};
		2E975DBC2678D44200907565 /* Persistence */ = {
			isa = PBXGroup;
			children = (
				72EB609C2679C16A00203ABD /* Record */,
				2E975DBD2678D45A00907565 /* UserRepository.swift */,
				72EB60972679B1F600203ABD /* FirebaseConnection.swift */,
			);
			path = Persistence;
			sourceTree = "<group>";
		};
		2EA6E4C726793ADD00889F78 /* Constants */ = {
			isa = PBXGroup;
			children = (
				2EA6E4C826793AEB00889F78 /* AgoraConstants.swift */,
				2E9FB1B02679A0FA00EAAF78 /* ColorConstants.swift */,
				2E196CE7267A474600CFE6DF /* StringConstants.swift */,
			);
			path = Constants;
			sourceTree = "<group>";
		};
		2EAB40722677B59D00FFF586 /* Registration */ = {
			isa = PBXGroup;
			children = (
				2EAB40732677B5AF00FFF586 /* Views */,
				2EAB40742677B5B400FFF586 /* Controllers */,
			);
			path = Registration;
			sourceTree = "<group>";
		};
		2EAB40732677B5AF00FFF586 /* Views */ = {
			isa = PBXGroup;
			children = (
				2EAB40752677B5C800FFF586 /* Registration.storyboard */,
			);
			path = Views;
			sourceTree = "<group>";
		};
		2EAB40742677B5B400FFF586 /* Controllers */ = {
			isa = PBXGroup;
			children = (
				2EAB40772677B7DF00FFF586 /* CompanyCodeViewController.swift */,
				2EFA3CDD2677BF1C009B2826 /* AccountRegistrationViewController.swift */,
			);
			path = Controllers;
			sourceTree = "<group>";
		};
		2EFA3CDC2677BBE3009B2826 /* Views */ = {
			isa = PBXGroup;
			children = (
				2EFA3CDA2677BBD8009B2826 /* TextField.swift */,
			);
			path = Views;
			sourceTree = "<group>";
		};
		720742022677C17400D5502B /* Landing */ = {
			isa = PBXGroup;
			children = (
				720742032677C18300D5502B /* Views */,
				720742042677C18A00D5502B /* Controllers */,
			);
			path = Landing;
			sourceTree = "<group>";
		};
		720742032677C18300D5502B /* Views */ = {
			isa = PBXGroup;
			children = (
				720742072677C1E100D5502B /* Landing.storyboard */,
			);
			path = Views;
			sourceTree = "<group>";
		};
		720742042677C18A00D5502B /* Controllers */ = {
			isa = PBXGroup;
			children = (
				7207420A2677C1F900D5502B /* LandingPageViewController.swift */,
				7207421326783E9A00D5502B /* LoginPageViewController.swift */,
			);
			path = Controllers;
			sourceTree = "<group>";
		};
		726E4132267901D400DA377F /* Company */ = {
			isa = PBXGroup;
			children = (
				726E4133267901EE00DA377F /* Company.swift */,
			);
			path = Company;
			sourceTree = "<group>";
		};
		726E4135267901FF00DA377F /* Session */ = {
			isa = PBXGroup;
			children = (
				726E41362679020B00DA377F /* Session.swift */,
				726E41382679022000DA377F /* Timeslot.swift */,
			);
			path = Session;
			sourceTree = "<group>";
		};
		726E413A2679023500DA377F /* User */ = {
			isa = PBXGroup;
			children = (
				726E413B2679024100DA377F /* User.swift */,
			);
			path = User;
			sourceTree = "<group>";
		};
		72EB609C2679C16A00203ABD /* Record */ = {
			isa = PBXGroup;
			children = (
				72EB609D2679C17300203ABD /* UserRecord.swift */,
				72EB609F2679C45B00203ABD /* SessionRecord.swift */,
			);
			path = Record;
			sourceTree = "<group>";
		};
		AE867BA126783DF4007A0EB2 /* Profile */ = {
			isa = PBXGroup;
			children = (
				AE867BA226783E02007A0EB2 /* Views */,
				AE867BA326783E0B007A0EB2 /* Controllers */,
			);
			path = Profile;
			sourceTree = "<group>";
		};
		AE867BA226783E02007A0EB2 /* Views */ = {
			isa = PBXGroup;
			children = (
				AE68628826777A9700059414 /* Profile.storyboard */,
			);
			path = Views;
			sourceTree = "<group>";
		};
		AE867BA326783E0B007A0EB2 /* Controllers */ = {
			isa = PBXGroup;
			children = (
				AE68628A26777ADB00059414 /* ProfileViewController.swift */,
				AE867BA626783E82007A0EB2 /* TimingViewController.swift */,
			);
			path = Controllers;
			sourceTree = "<group>";
		};
		B9C7528BA9B240988906B1EF /* Frameworks */ = {
			isa = PBXGroup;
			children = (
				89CCA8B38AD2B1972628860B /* Pods_Fika.framework */,
				4CEC1E71191AF86975A1FF0F /* Pods_Fika_FikaUITests.framework */,
				CFDE14CD30CA2A56116A3864 /* Pods_FikaTests.framework */,
			);
			name = Frameworks;
			sourceTree = "<group>";
		};
/* End PBXGroup section */

/* Begin PBXNativeTarget section */
		2E7E38E42676FC0A00034007 /* Fika */ = {
			isa = PBXNativeTarget;
			buildConfigurationList = 2E7E390F2676FC0C00034007 /* Build configuration list for PBXNativeTarget "Fika" */;
			buildPhases = (
				19D9EBFD679A3378B43F2543 /* [CP] Check Pods Manifest.lock */,
				2E7E39182677041A00034007 /* ShellScript */,
				2E7E38E12676FC0A00034007 /* Sources */,
				2E7E38E22676FC0A00034007 /* Frameworks */,
				2E7E38E32676FC0A00034007 /* Resources */,
				807ADB440F02B23AF631FF7D /* [CP] Embed Pods Frameworks */,
			);
			buildRules = (
			);
			dependencies = (
			);
			name = Fika;
			productName = Fika;
			productReference = 2E7E38E52676FC0A00034007 /* Fika.app */;
			productType = "com.apple.product-type.application";
		};
		2E7E38FA2676FC0C00034007 /* FikaTests */ = {
			isa = PBXNativeTarget;
			buildConfigurationList = 2E7E39122676FC0C00034007 /* Build configuration list for PBXNativeTarget "FikaTests" */;
			buildPhases = (
				6F4D96D7AA5A1C05DB8F8053 /* [CP] Check Pods Manifest.lock */,
				2E7E38F72676FC0C00034007 /* Sources */,
				2E7E38F82676FC0C00034007 /* Frameworks */,
				2E7E38F92676FC0C00034007 /* Resources */,
			);
			buildRules = (
			);
			dependencies = (
				2E7E38FD2676FC0C00034007 /* PBXTargetDependency */,
			);
			name = FikaTests;
			productName = FikaTests;
			productReference = 2E7E38FB2676FC0C00034007 /* FikaTests.xctest */;
			productType = "com.apple.product-type.bundle.unit-test";
		};
		2E7E39052676FC0C00034007 /* FikaUITests */ = {
			isa = PBXNativeTarget;
			buildConfigurationList = 2E7E39152676FC0C00034007 /* Build configuration list for PBXNativeTarget "FikaUITests" */;
			buildPhases = (
				F419AF310B64FEB15684535A /* [CP] Check Pods Manifest.lock */,
				2E7E39022676FC0C00034007 /* Sources */,
				2E7E39032676FC0C00034007 /* Frameworks */,
				2E7E39042676FC0C00034007 /* Resources */,
				DB74E439F1B33C0A4BBB7995 /* [CP] Embed Pods Frameworks */,
			);
			buildRules = (
			);
			dependencies = (
				2E7E39082676FC0C00034007 /* PBXTargetDependency */,
			);
			name = FikaUITests;
			productName = FikaUITests;
			productReference = 2E7E39062676FC0C00034007 /* FikaUITests.xctest */;
			productType = "com.apple.product-type.bundle.ui-testing";
		};
/* End PBXNativeTarget section */

/* Begin PBXProject section */
		2E7E38DD2676FC0A00034007 /* Project object */ = {
			isa = PBXProject;
			attributes = {
				LastSwiftUpdateCheck = 1250;
				LastUpgradeCheck = 1250;
				TargetAttributes = {
					2E7E38E42676FC0A00034007 = {
						CreatedOnToolsVersion = 12.5;
					};
					2E7E38FA2676FC0C00034007 = {
						CreatedOnToolsVersion = 12.5;
						TestTargetID = 2E7E38E42676FC0A00034007;
					};
					2E7E39052676FC0C00034007 = {
						CreatedOnToolsVersion = 12.5;
						TestTargetID = 2E7E38E42676FC0A00034007;
					};
				};
			};
			buildConfigurationList = 2E7E38E02676FC0A00034007 /* Build configuration list for PBXProject "Fika" */;
			compatibilityVersion = "Xcode 9.3";
			developmentRegion = en;
			hasScannedForEncodings = 0;
			knownRegions = (
				en,
				Base,
			);
			mainGroup = 2E7E38DC2676FC0A00034007;
			productRefGroup = 2E7E38E62676FC0A00034007 /* Products */;
			projectDirPath = "";
			projectRoot = "";
			targets = (
				2E7E38E42676FC0A00034007 /* Fika */,
				2E7E38FA2676FC0C00034007 /* FikaTests */,
				2E7E39052676FC0C00034007 /* FikaUITests */,
			);
		};
/* End PBXProject section */

/* Begin PBXResourcesBuildPhase section */
		2E7E38E32676FC0A00034007 /* Resources */ = {
			isa = PBXResourcesBuildPhase;
			buildActionMask = 2147483647;
			files = (
				720742082677C1E100D5502B /* Landing.storyboard in Resources */,
				2E6D6A722679128300FA7600 /* Call.storyboard in Resources */,
				2E7E38F52676FC0C00034007 /* LaunchScreen.storyboard in Resources */,
				2E7E38F22676FC0C00034007 /* Assets.xcassets in Resources */,
				2E7E38F02676FC0A00034007 /* Home.storyboard in Resources */,
				AE68628926777A9700059414 /* Profile.storyboard in Resources */,
				2EAB40762677B5C800FFF586 /* Registration.storyboard in Resources */,
				2E7E392A26779C0300034007 /* NexaBold.otf in Resources */,
				2E7E392626779B8800034007 /* Onboarding.storyboard in Resources */,
				2E7E392B26779C0800034007 /* NexaLight.otf in Resources */,
				EBE8CD0926789D5C0092338E /* GoogleService-Info.plist in Resources */,
			);
			runOnlyForDeploymentPostprocessing = 0;
		};
		2E7E38F92676FC0C00034007 /* Resources */ = {
			isa = PBXResourcesBuildPhase;
			buildActionMask = 2147483647;
			files = (
			);
			runOnlyForDeploymentPostprocessing = 0;
		};
		2E7E39042676FC0C00034007 /* Resources */ = {
			isa = PBXResourcesBuildPhase;
			buildActionMask = 2147483647;
			files = (
			);
			runOnlyForDeploymentPostprocessing = 0;
		};
/* End PBXResourcesBuildPhase section */

/* Begin PBXShellScriptBuildPhase section */
		19D9EBFD679A3378B43F2543 /* [CP] Check Pods Manifest.lock */ = {
			isa = PBXShellScriptBuildPhase;
			buildActionMask = 2147483647;
			files = (
			);
			inputFileListPaths = (
			);
			inputPaths = (
				"${PODS_PODFILE_DIR_PATH}/Podfile.lock",
				"${PODS_ROOT}/Manifest.lock",
			);
			name = "[CP] Check Pods Manifest.lock";
			outputFileListPaths = (
			);
			outputPaths = (
				"$(DERIVED_FILE_DIR)/Pods-Fika-checkManifestLockResult.txt",
			);
			runOnlyForDeploymentPostprocessing = 0;
			shellPath = /bin/sh;
			shellScript = "diff \"${PODS_PODFILE_DIR_PATH}/Podfile.lock\" \"${PODS_ROOT}/Manifest.lock\" > /dev/null\nif [ $? != 0 ] ; then\n    # print error to STDERR\n    echo \"error: The sandbox is not in sync with the Podfile.lock. Run 'pod install' or update your CocoaPods installation.\" >&2\n    exit 1\nfi\n# This output is used by Xcode 'outputs' to avoid re-running this script phase.\necho \"SUCCESS\" > \"${SCRIPT_OUTPUT_FILE_0}\"\n";
			showEnvVarsInLog = 0;
		};
		2E7E39182677041A00034007 /* ShellScript */ = {
			isa = PBXShellScriptBuildPhase;
			buildActionMask = 2147483647;
			files = (
			);
			inputFileListPaths = (
			);
			inputPaths = (
			);
			outputFileListPaths = (
			);
			outputPaths = (
			);
			runOnlyForDeploymentPostprocessing = 0;
			shellPath = /bin/sh;
			shellScript = "if which swiftlint >/dev/null; then\n  swiftlint autocorrect && swiftlint\nelse\n  echo \"warning: SwiftLint not installed, download from https://github.com/realm/SwiftLint\"\nfi\n";
		};
		6F4D96D7AA5A1C05DB8F8053 /* [CP] Check Pods Manifest.lock */ = {
			isa = PBXShellScriptBuildPhase;
			buildActionMask = 2147483647;
			files = (
			);
			inputFileListPaths = (
			);
			inputPaths = (
				"${PODS_PODFILE_DIR_PATH}/Podfile.lock",
				"${PODS_ROOT}/Manifest.lock",
			);
			name = "[CP] Check Pods Manifest.lock";
			outputFileListPaths = (
			);
			outputPaths = (
				"$(DERIVED_FILE_DIR)/Pods-FikaTests-checkManifestLockResult.txt",
			);
			runOnlyForDeploymentPostprocessing = 0;
			shellPath = /bin/sh;
			shellScript = "diff \"${PODS_PODFILE_DIR_PATH}/Podfile.lock\" \"${PODS_ROOT}/Manifest.lock\" > /dev/null\nif [ $? != 0 ] ; then\n    # print error to STDERR\n    echo \"error: The sandbox is not in sync with the Podfile.lock. Run 'pod install' or update your CocoaPods installation.\" >&2\n    exit 1\nfi\n# This output is used by Xcode 'outputs' to avoid re-running this script phase.\necho \"SUCCESS\" > \"${SCRIPT_OUTPUT_FILE_0}\"\n";
			showEnvVarsInLog = 0;
		};
		807ADB440F02B23AF631FF7D /* [CP] Embed Pods Frameworks */ = {
			isa = PBXShellScriptBuildPhase;
			buildActionMask = 2147483647;
			files = (
			);
			inputFileListPaths = (
				"${PODS_ROOT}/Target Support Files/Pods-Fika/Pods-Fika-frameworks-${CONFIGURATION}-input-files.xcfilelist",
			);
			name = "[CP] Embed Pods Frameworks";
			outputFileListPaths = (
				"${PODS_ROOT}/Target Support Files/Pods-Fika/Pods-Fika-frameworks-${CONFIGURATION}-output-files.xcfilelist",
			);
			runOnlyForDeploymentPostprocessing = 0;
			shellPath = /bin/sh;
			shellScript = "\"${PODS_ROOT}/Target Support Files/Pods-Fika/Pods-Fika-frameworks.sh\"\n";
			showEnvVarsInLog = 0;
		};
		DB74E439F1B33C0A4BBB7995 /* [CP] Embed Pods Frameworks */ = {
			isa = PBXShellScriptBuildPhase;
			buildActionMask = 2147483647;
			files = (
			);
			inputFileListPaths = (
				"${PODS_ROOT}/Target Support Files/Pods-Fika-FikaUITests/Pods-Fika-FikaUITests-frameworks-${CONFIGURATION}-input-files.xcfilelist",
			);
			name = "[CP] Embed Pods Frameworks";
			outputFileListPaths = (
				"${PODS_ROOT}/Target Support Files/Pods-Fika-FikaUITests/Pods-Fika-FikaUITests-frameworks-${CONFIGURATION}-output-files.xcfilelist",
			);
			runOnlyForDeploymentPostprocessing = 0;
			shellPath = /bin/sh;
			shellScript = "\"${PODS_ROOT}/Target Support Files/Pods-Fika-FikaUITests/Pods-Fika-FikaUITests-frameworks.sh\"\n";
			showEnvVarsInLog = 0;
		};
		F419AF310B64FEB15684535A /* [CP] Check Pods Manifest.lock */ = {
			isa = PBXShellScriptBuildPhase;
			buildActionMask = 2147483647;
			files = (
			);
			inputFileListPaths = (
			);
			inputPaths = (
				"${PODS_PODFILE_DIR_PATH}/Podfile.lock",
				"${PODS_ROOT}/Manifest.lock",
			);
			name = "[CP] Check Pods Manifest.lock";
			outputFileListPaths = (
			);
			outputPaths = (
				"$(DERIVED_FILE_DIR)/Pods-Fika-FikaUITests-checkManifestLockResult.txt",
			);
			runOnlyForDeploymentPostprocessing = 0;
			shellPath = /bin/sh;
			shellScript = "diff \"${PODS_PODFILE_DIR_PATH}/Podfile.lock\" \"${PODS_ROOT}/Manifest.lock\" > /dev/null\nif [ $? != 0 ] ; then\n    # print error to STDERR\n    echo \"error: The sandbox is not in sync with the Podfile.lock. Run 'pod install' or update your CocoaPods installation.\" >&2\n    exit 1\nfi\n# This output is used by Xcode 'outputs' to avoid re-running this script phase.\necho \"SUCCESS\" > \"${SCRIPT_OUTPUT_FILE_0}\"\n";
			showEnvVarsInLog = 0;
		};
/* End PBXShellScriptBuildPhase section */

/* Begin PBXSourcesBuildPhase section */
		2E7E38E12676FC0A00034007 /* Sources */ = {
			isa = PBXSourcesBuildPhase;
			buildActionMask = 2147483647;
			files = (
				AE867BA726783E82007A0EB2 /* TimingViewController.swift in Sources */,
				72EB60982679B1F600203ABD /* FirebaseConnection.swift in Sources */,
				2E196CE8267A474600CFE6DF /* StringConstants.swift in Sources */,
				2E0B14FB2679DBEC0086004F /* UIViewController+Keyboard.swift in Sources */,
				2E7E392E26779EF000034007 /* UIView+ShadowColor.swift in Sources */,
				2EFA3CDE2677BF1C009B2826 /* AccountRegistrationViewController.swift in Sources */,
				2E7E38ED2676FC0A00034007 /* HomeViewController.swift in Sources */,
				72EB60A02679C45B00203ABD /* SessionRecord.swift in Sources */,
				2E7E39302677A6A700034007 /* OnboardingPageViewController.swift in Sources */,
				7207421426783E9A00D5502B /* LoginPageViewController.swift in Sources */,
				2E6D6A802679287100FA7600 /* VideoCollectionViewCell.swift in Sources */,
				2E975DBB2678C88C00907565 /* UIViewController+HideNavBar.swift in Sources */,
				2EFA3CDB2677BBD8009B2826 /* TextField.swift in Sources */,
				2EAB40782677B7DF00FFF586 /* CompanyCodeViewController.swift in Sources */,
				2E6D6A7E267917A600FA7600 /* CallViewController.swift in Sources */,
				2E975DBE2678D45A00907565 /* UserRepository.swift in Sources */,
				2E7E39332677AAF600034007 /* OnboardingPageViewControllerDelegate.swift in Sources */,
				2E9FB1B12679A0FA00EAAF78 /* ColorConstants.swift in Sources */,
				726E41372679020B00DA377F /* Session.swift in Sources */,
				2EA6E4C926793AEB00889F78 /* AgoraConstants.swift in Sources */,
				726E4134267901EE00DA377F /* Company.swift in Sources */,
				2E7E39352677ACA700034007 /* OnboardingViewController.swift in Sources */,
				7207420B2677C1F900D5502B /* LandingPageViewController.swift in Sources */,
				2E7E38E92676FC0A00034007 /* AppDelegate.swift in Sources */,
				AE68628B26777ADB00059414 /* ProfileViewController.swift in Sources */,
				2E7E38EB2676FC0A00034007 /* SceneDelegate.swift in Sources */,
				726E41392679022000DA377F /* Timeslot.swift in Sources */,
				2E7E39372677B08200034007 /* PageViewController.swift in Sources */,
				72EB609E2679C17300203ABD /* UserRecord.swift in Sources */,
				726E413C2679024100DA377F /* User.swift in Sources */,
			);
			runOnlyForDeploymentPostprocessing = 0;
		};
		2E7E38F72676FC0C00034007 /* Sources */ = {
			isa = PBXSourcesBuildPhase;
			buildActionMask = 2147483647;
			files = (
				2E7E39002676FC0C00034007 /* FikaTests.swift in Sources */,
			);
			runOnlyForDeploymentPostprocessing = 0;
		};
		2E7E39022676FC0C00034007 /* Sources */ = {
			isa = PBXSourcesBuildPhase;
			buildActionMask = 2147483647;
			files = (
				2E7E390B2676FC0C00034007 /* FikaUITests.swift in Sources */,
			);
			runOnlyForDeploymentPostprocessing = 0;
		};
/* End PBXSourcesBuildPhase section */

/* Begin PBXTargetDependency section */
		2E7E38FD2676FC0C00034007 /* PBXTargetDependency */ = {
			isa = PBXTargetDependency;
			target = 2E7E38E42676FC0A00034007 /* Fika */;
			targetProxy = 2E7E38FC2676FC0C00034007 /* PBXContainerItemProxy */;
		};
		2E7E39082676FC0C00034007 /* PBXTargetDependency */ = {
			isa = PBXTargetDependency;
			target = 2E7E38E42676FC0A00034007 /* Fika */;
			targetProxy = 2E7E39072676FC0C00034007 /* PBXContainerItemProxy */;
		};
/* End PBXTargetDependency section */

/* Begin PBXVariantGroup section */
		2E7E38EE2676FC0A00034007 /* Home.storyboard */ = {
			isa = PBXVariantGroup;
			children = (
				2E7E38EF2676FC0A00034007 /* Base */,
			);
			name = Home.storyboard;
			sourceTree = "<group>";
		};
		2E7E38F32676FC0C00034007 /* LaunchScreen.storyboard */ = {
			isa = PBXVariantGroup;
			children = (
				2E7E38F42676FC0C00034007 /* Base */,
			);
			name = LaunchScreen.storyboard;
			sourceTree = "<group>";
		};
/* End PBXVariantGroup section */

/* Begin XCBuildConfiguration section */
		2E7E390D2676FC0C00034007 /* Debug */ = {
			isa = XCBuildConfiguration;
			buildSettings = {
				ALWAYS_SEARCH_USER_PATHS = NO;
				CLANG_ANALYZER_NONNULL = YES;
				CLANG_ANALYZER_NUMBER_OBJECT_CONVERSION = YES_AGGRESSIVE;
				CLANG_CXX_LANGUAGE_STANDARD = "gnu++14";
				CLANG_CXX_LIBRARY = "libc++";
				CLANG_ENABLE_MODULES = YES;
				CLANG_ENABLE_OBJC_ARC = YES;
				CLANG_ENABLE_OBJC_WEAK = YES;
				CLANG_WARN_BLOCK_CAPTURE_AUTORELEASING = YES;
				CLANG_WARN_BOOL_CONVERSION = YES;
				CLANG_WARN_COMMA = YES;
				CLANG_WARN_CONSTANT_CONVERSION = YES;
				CLANG_WARN_DEPRECATED_OBJC_IMPLEMENTATIONS = YES;
				CLANG_WARN_DIRECT_OBJC_ISA_USAGE = YES_ERROR;
				CLANG_WARN_DOCUMENTATION_COMMENTS = YES;
				CLANG_WARN_EMPTY_BODY = YES;
				CLANG_WARN_ENUM_CONVERSION = YES;
				CLANG_WARN_INFINITE_RECURSION = YES;
				CLANG_WARN_INT_CONVERSION = YES;
				CLANG_WARN_NON_LITERAL_NULL_CONVERSION = YES;
				CLANG_WARN_OBJC_IMPLICIT_RETAIN_SELF = YES;
				CLANG_WARN_OBJC_LITERAL_CONVERSION = YES;
				CLANG_WARN_OBJC_ROOT_CLASS = YES_ERROR;
				CLANG_WARN_QUOTED_INCLUDE_IN_FRAMEWORK_HEADER = YES;
				CLANG_WARN_RANGE_LOOP_ANALYSIS = YES;
				CLANG_WARN_STRICT_PROTOTYPES = YES;
				CLANG_WARN_SUSPICIOUS_MOVE = YES;
				CLANG_WARN_UNGUARDED_AVAILABILITY = YES_AGGRESSIVE;
				CLANG_WARN_UNREACHABLE_CODE = YES;
				CLANG_WARN__DUPLICATE_METHOD_MATCH = YES;
				COPY_PHASE_STRIP = NO;
				DEBUG_INFORMATION_FORMAT = dwarf;
				ENABLE_STRICT_OBJC_MSGSEND = YES;
				ENABLE_TESTABILITY = YES;
				GCC_C_LANGUAGE_STANDARD = gnu11;
				GCC_DYNAMIC_NO_PIC = NO;
				GCC_NO_COMMON_BLOCKS = YES;
				GCC_OPTIMIZATION_LEVEL = 0;
				GCC_PREPROCESSOR_DEFINITIONS = (
					"DEBUG=1",
					"$(inherited)",
				);
				GCC_WARN_64_TO_32_BIT_CONVERSION = YES;
				GCC_WARN_ABOUT_RETURN_TYPE = YES_ERROR;
				GCC_WARN_UNDECLARED_SELECTOR = YES;
				GCC_WARN_UNINITIALIZED_AUTOS = YES_AGGRESSIVE;
				GCC_WARN_UNUSED_FUNCTION = YES;
				GCC_WARN_UNUSED_VARIABLE = YES;
				IPHONEOS_DEPLOYMENT_TARGET = 14.5;
				MTL_ENABLE_DEBUG_INFO = INCLUDE_SOURCE;
				MTL_FAST_MATH = YES;
				ONLY_ACTIVE_ARCH = YES;
				SDKROOT = iphoneos;
				SWIFT_ACTIVE_COMPILATION_CONDITIONS = DEBUG;
				SWIFT_OPTIMIZATION_LEVEL = "-Onone";
			};
			name = Debug;
		};
		2E7E390E2676FC0C00034007 /* Release */ = {
			isa = XCBuildConfiguration;
			buildSettings = {
				ALWAYS_SEARCH_USER_PATHS = NO;
				CLANG_ANALYZER_NONNULL = YES;
				CLANG_ANALYZER_NUMBER_OBJECT_CONVERSION = YES_AGGRESSIVE;
				CLANG_CXX_LANGUAGE_STANDARD = "gnu++14";
				CLANG_CXX_LIBRARY = "libc++";
				CLANG_ENABLE_MODULES = YES;
				CLANG_ENABLE_OBJC_ARC = YES;
				CLANG_ENABLE_OBJC_WEAK = YES;
				CLANG_WARN_BLOCK_CAPTURE_AUTORELEASING = YES;
				CLANG_WARN_BOOL_CONVERSION = YES;
				CLANG_WARN_COMMA = YES;
				CLANG_WARN_CONSTANT_CONVERSION = YES;
				CLANG_WARN_DEPRECATED_OBJC_IMPLEMENTATIONS = YES;
				CLANG_WARN_DIRECT_OBJC_ISA_USAGE = YES_ERROR;
				CLANG_WARN_DOCUMENTATION_COMMENTS = YES;
				CLANG_WARN_EMPTY_BODY = YES;
				CLANG_WARN_ENUM_CONVERSION = YES;
				CLANG_WARN_INFINITE_RECURSION = YES;
				CLANG_WARN_INT_CONVERSION = YES;
				CLANG_WARN_NON_LITERAL_NULL_CONVERSION = YES;
				CLANG_WARN_OBJC_IMPLICIT_RETAIN_SELF = YES;
				CLANG_WARN_OBJC_LITERAL_CONVERSION = YES;
				CLANG_WARN_OBJC_ROOT_CLASS = YES_ERROR;
				CLANG_WARN_QUOTED_INCLUDE_IN_FRAMEWORK_HEADER = YES;
				CLANG_WARN_RANGE_LOOP_ANALYSIS = YES;
				CLANG_WARN_STRICT_PROTOTYPES = YES;
				CLANG_WARN_SUSPICIOUS_MOVE = YES;
				CLANG_WARN_UNGUARDED_AVAILABILITY = YES_AGGRESSIVE;
				CLANG_WARN_UNREACHABLE_CODE = YES;
				CLANG_WARN__DUPLICATE_METHOD_MATCH = YES;
				COPY_PHASE_STRIP = NO;
				DEBUG_INFORMATION_FORMAT = "dwarf-with-dsym";
				ENABLE_NS_ASSERTIONS = NO;
				ENABLE_STRICT_OBJC_MSGSEND = YES;
				GCC_C_LANGUAGE_STANDARD = gnu11;
				GCC_NO_COMMON_BLOCKS = YES;
				GCC_WARN_64_TO_32_BIT_CONVERSION = YES;
				GCC_WARN_ABOUT_RETURN_TYPE = YES_ERROR;
				GCC_WARN_UNDECLARED_SELECTOR = YES;
				GCC_WARN_UNINITIALIZED_AUTOS = YES_AGGRESSIVE;
				GCC_WARN_UNUSED_FUNCTION = YES;
				GCC_WARN_UNUSED_VARIABLE = YES;
				IPHONEOS_DEPLOYMENT_TARGET = 14.5;
				MTL_ENABLE_DEBUG_INFO = NO;
				MTL_FAST_MATH = YES;
				SDKROOT = iphoneos;
				SWIFT_COMPILATION_MODE = wholemodule;
				SWIFT_OPTIMIZATION_LEVEL = "-O";
				VALIDATE_PRODUCT = YES;
			};
			name = Release;
		};
		2E7E39102676FC0C00034007 /* Debug */ = {
			isa = XCBuildConfiguration;
			baseConfigurationReference = 477E98C98EF240C6F55195BA /* Pods-Fika.debug.xcconfig */;
			buildSettings = {
				ASSETCATALOG_COMPILER_APPICON_NAME = AppIcon;
				ASSETCATALOG_COMPILER_GLOBAL_ACCENT_COLOR_NAME = AccentColor;
				CODE_SIGN_STYLE = Automatic;
				DEVELOPMENT_TEAM = K9H85859Q4;
				INFOPLIST_FILE = "Fika/Supporting Files/Info.plist";
				LD_RUNPATH_SEARCH_PATHS = (
					"$(inherited)",
					"@executable_path/Frameworks",
				);
				ONLY_ACTIVE_ARCH = YES;
				PRODUCT_BUNDLE_IDENTIFIER = com.hanmingdev.Fika;
				PRODUCT_NAME = "$(TARGET_NAME)";
				SWIFT_VERSION = 5.0;
				TARGETED_DEVICE_FAMILY = 1;
			};
			name = Debug;
		};
		2E7E39112676FC0C00034007 /* Release */ = {
			isa = XCBuildConfiguration;
			baseConfigurationReference = ABBC825B86CFB69FEEABD285 /* Pods-Fika.release.xcconfig */;
			buildSettings = {
				ASSETCATALOG_COMPILER_APPICON_NAME = AppIcon;
				ASSETCATALOG_COMPILER_GLOBAL_ACCENT_COLOR_NAME = AccentColor;
				CODE_SIGN_STYLE = Automatic;
				DEVELOPMENT_TEAM = K9H85859Q4;
				INFOPLIST_FILE = "Fika/Supporting Files/Info.plist";
				LD_RUNPATH_SEARCH_PATHS = (
					"$(inherited)",
					"@executable_path/Frameworks",
				);
				ONLY_ACTIVE_ARCH = YES;
				PRODUCT_BUNDLE_IDENTIFIER = com.hanmingdev.Fika;
				PRODUCT_NAME = "$(TARGET_NAME)";
				SWIFT_VERSION = 5.0;
				TARGETED_DEVICE_FAMILY = 1;
			};
			name = Release;
		};
		2E7E39132676FC0C00034007 /* Debug */ = {
			isa = XCBuildConfiguration;
			baseConfigurationReference = 8C1D270DE54533AF1D03D78F /* Pods-FikaTests.debug.xcconfig */;
			buildSettings = {
				ALWAYS_EMBED_SWIFT_STANDARD_LIBRARIES = YES;
				BUNDLE_LOADER = "$(TEST_HOST)";
				CODE_SIGN_STYLE = Automatic;
				DEVELOPMENT_TEAM = K9H85859Q4;
				INFOPLIST_FILE = FikaTests/Info.plist;
				IPHONEOS_DEPLOYMENT_TARGET = 14.5;
				LD_RUNPATH_SEARCH_PATHS = (
					"$(inherited)",
					"@executable_path/Frameworks",
					"@loader_path/Frameworks",
				);
				PRODUCT_BUNDLE_IDENTIFIER = com.hanmingdev.FikaTests;
				PRODUCT_NAME = "$(TARGET_NAME)";
				SWIFT_VERSION = 5.0;
				TARGETED_DEVICE_FAMILY = "1,2";
				TEST_HOST = "$(BUILT_PRODUCTS_DIR)/Fika.app/Fika";
			};
			name = Debug;
		};
		2E7E39142676FC0C00034007 /* Release */ = {
			isa = XCBuildConfiguration;
			baseConfigurationReference = F1B535850BA8503C8A8BB8A5 /* Pods-FikaTests.release.xcconfig */;
			buildSettings = {
				ALWAYS_EMBED_SWIFT_STANDARD_LIBRARIES = YES;
				BUNDLE_LOADER = "$(TEST_HOST)";
				CODE_SIGN_STYLE = Automatic;
				DEVELOPMENT_TEAM = K9H85859Q4;
				INFOPLIST_FILE = FikaTests/Info.plist;
				IPHONEOS_DEPLOYMENT_TARGET = 14.5;
				LD_RUNPATH_SEARCH_PATHS = (
					"$(inherited)",
					"@executable_path/Frameworks",
					"@loader_path/Frameworks",
				);
				PRODUCT_BUNDLE_IDENTIFIER = com.hanmingdev.FikaTests;
				PRODUCT_NAME = "$(TARGET_NAME)";
				SWIFT_VERSION = 5.0;
				TARGETED_DEVICE_FAMILY = "1,2";
				TEST_HOST = "$(BUILT_PRODUCTS_DIR)/Fika.app/Fika";
			};
			name = Release;
		};
		2E7E39162676FC0C00034007 /* Debug */ = {
			isa = XCBuildConfiguration;
			baseConfigurationReference = 0D3610B65682502887E3FE54 /* Pods-Fika-FikaUITests.debug.xcconfig */;
			buildSettings = {
				CODE_SIGN_STYLE = Automatic;
				DEVELOPMENT_TEAM = K9H85859Q4;
				INFOPLIST_FILE = FikaUITests/Info.plist;
				LD_RUNPATH_SEARCH_PATHS = (
					"$(inherited)",
					"@executable_path/Frameworks",
					"@loader_path/Frameworks",
				);
				PRODUCT_BUNDLE_IDENTIFIER = com.hanmingdev.FikaUITests;
				PRODUCT_NAME = "$(TARGET_NAME)";
				SWIFT_VERSION = 5.0;
				TARGETED_DEVICE_FAMILY = "1,2";
				TEST_TARGET_NAME = Fika;
			};
			name = Debug;
		};
		2E7E39172676FC0C00034007 /* Release */ = {
			isa = XCBuildConfiguration;
			baseConfigurationReference = 7D062D7F631673D8E70DE3D5 /* Pods-Fika-FikaUITests.release.xcconfig */;
			buildSettings = {
				CODE_SIGN_STYLE = Automatic;
				DEVELOPMENT_TEAM = K9H85859Q4;
				INFOPLIST_FILE = FikaUITests/Info.plist;
				LD_RUNPATH_SEARCH_PATHS = (
					"$(inherited)",
					"@executable_path/Frameworks",
					"@loader_path/Frameworks",
				);
				PRODUCT_BUNDLE_IDENTIFIER = com.hanmingdev.FikaUITests;
				PRODUCT_NAME = "$(TARGET_NAME)";
				SWIFT_VERSION = 5.0;
				TARGETED_DEVICE_FAMILY = "1,2";
				TEST_TARGET_NAME = Fika;
			};
			name = Release;
		};
/* End XCBuildConfiguration section */

/* Begin XCConfigurationList section */
		2E7E38E02676FC0A00034007 /* Build configuration list for PBXProject "Fika" */ = {
			isa = XCConfigurationList;
			buildConfigurations = (
				2E7E390D2676FC0C00034007 /* Debug */,
				2E7E390E2676FC0C00034007 /* Release */,
			);
			defaultConfigurationIsVisible = 0;
			defaultConfigurationName = Release;
		};
		2E7E390F2676FC0C00034007 /* Build configuration list for PBXNativeTarget "Fika" */ = {
			isa = XCConfigurationList;
			buildConfigurations = (
				2E7E39102676FC0C00034007 /* Debug */,
				2E7E39112676FC0C00034007 /* Release */,
			);
			defaultConfigurationIsVisible = 0;
			defaultConfigurationName = Release;
		};
		2E7E39122676FC0C00034007 /* Build configuration list for PBXNativeTarget "FikaTests" */ = {
			isa = XCConfigurationList;
			buildConfigurations = (
				2E7E39132676FC0C00034007 /* Debug */,
				2E7E39142676FC0C00034007 /* Release */,
			);
			defaultConfigurationIsVisible = 0;
			defaultConfigurationName = Release;
		};
		2E7E39152676FC0C00034007 /* Build configuration list for PBXNativeTarget "FikaUITests" */ = {
			isa = XCConfigurationList;
			buildConfigurations = (
				2E7E39162676FC0C00034007 /* Debug */,
				2E7E39172676FC0C00034007 /* Release */,
			);
			defaultConfigurationIsVisible = 0;
			defaultConfigurationName = Release;
		};
/* End XCConfigurationList section */
	};
	rootObject = 2E7E38DD2676FC0A00034007 /* Project object */;
}
