// !$*UTF8*$!
{
	archiveVersion = 1;
	classes = {
	};
	objectVersion = 50;
	objects = {

/* Begin PBXBuildFile section */
		2E7E38E92676FC0A00034007 /* AppDelegate.swift in Sources */ = {isa = PBXBuildFile; fileRef = 2E7E38E82676FC0A00034007 /* AppDelegate.swift */; };
		2E7E38EB2676FC0A00034007 /* SceneDelegate.swift in Sources */ = {isa = PBXBuildFile; fileRef = 2E7E38EA2676FC0A00034007 /* SceneDelegate.swift */; };
		2E7E38ED2676FC0A00034007 /* ViewController.swift in Sources */ = {isa = PBXBuildFile; fileRef = 2E7E38EC2676FC0A00034007 /* ViewController.swift */; };
		2E7E38F02676FC0A00034007 /* Main.storyboard in Resources */ = {isa = PBXBuildFile; fileRef = 2E7E38EE2676FC0A00034007 /* Main.storyboard */; };
		2E7E38F22676FC0C00034007 /* Assets.xcassets in Resources */ = {isa = PBXBuildFile; fileRef = 2E7E38F12676FC0C00034007 /* Assets.xcassets */; };
		2E7E38F52676FC0C00034007 /* LaunchScreen.storyboard in Resources */ = {isa = PBXBuildFile; fileRef = 2E7E38F32676FC0C00034007 /* LaunchScreen.storyboard */; };
		2E7E39002676FC0C00034007 /* FikaTests.swift in Sources */ = {isa = PBXBuildFile; fileRef = 2E7E38FF2676FC0C00034007 /* FikaTests.swift */; };
		2E7E390B2676FC0C00034007 /* FikaUITests.swift in Sources */ = {isa = PBXBuildFile; fileRef = 2E7E390A2676FC0C00034007 /* FikaUITests.swift */; };
		2E7E392626779B8800034007 /* Onboarding.storyboard in Resources */ = {isa = PBXBuildFile; fileRef = 2E7E392526779B8800034007 /* Onboarding.storyboard */; };
		2E7E392A26779C0300034007 /* NexaBold.otf in Resources */ = {isa = PBXBuildFile; fileRef = 2E7E392826779BF100034007 /* NexaBold.otf */; };
		2E7E392B26779C0800034007 /* NexaLight.otf in Resources */ = {isa = PBXBuildFile; fileRef = 2E7E392926779BF100034007 /* NexaLight.otf */; };
		2E7E392E26779EF000034007 /* UIView+ShadowColor.swift in Sources */ = {isa = PBXBuildFile; fileRef = 2E7E392D26779EF000034007 /* UIView+ShadowColor.swift */; };
		2E7E39302677A6A700034007 /* OnboardingPageViewController.swift in Sources */ = {isa = PBXBuildFile; fileRef = 2E7E392F2677A6A600034007 /* OnboardingPageViewController.swift */; };
		2E7E39332677AAF600034007 /* OnboardingPageViewControllerDelegate.swift in Sources */ = {isa = PBXBuildFile; fileRef = 2E7E39322677AAF600034007 /* OnboardingPageViewControllerDelegate.swift */; };
		2E7E39352677ACA700034007 /* OnboardingViewController.swift in Sources */ = {isa = PBXBuildFile; fileRef = 2E7E39342677ACA700034007 /* OnboardingViewController.swift */; };
		2E7E39372677B08200034007 /* PageViewController.swift in Sources */ = {isa = PBXBuildFile; fileRef = 2E7E39362677B08200034007 /* PageViewController.swift */; };
		2EAB40762677B5C800FFF586 /* Registration.storyboard in Resources */ = {isa = PBXBuildFile; fileRef = 2EAB40752677B5C800FFF586 /* Registration.storyboard */; };
		2EAB40782677B7DF00FFF586 /* CompanyCodeViewController.swift in Sources */ = {isa = PBXBuildFile; fileRef = 2EAB40772677B7DF00FFF586 /* CompanyCodeViewController.swift */; };
		2EFA3CDB2677BBD8009B2826 /* TextField.swift in Sources */ = {isa = PBXBuildFile; fileRef = 2EFA3CDA2677BBD8009B2826 /* TextField.swift */; };
		2EFA3CDE2677BF1C009B2826 /* AccountRegistrationViewController.swift in Sources */ = {isa = PBXBuildFile; fileRef = 2EFA3CDD2677BF1C009B2826 /* AccountRegistrationViewController.swift */; };
/* End PBXBuildFile section */

/* Begin PBXContainerItemProxy section */
		2E7E38FC2676FC0C00034007 /* PBXContainerItemProxy */ = {
			isa = PBXContainerItemProxy;
			containerPortal = 2E7E38DD2676FC0A00034007 /* Project object */;
			proxyType = 1;
			remoteGlobalIDString = 2E7E38E42676FC0A00034007;
			remoteInfo = Fika;
		};
		2E7E39072676FC0C00034007 /* PBXContainerItemProxy */ = {
			isa = PBXContainerItemProxy;
			containerPortal = 2E7E38DD2676FC0A00034007 /* Project object */;
			proxyType = 1;
			remoteGlobalIDString = 2E7E38E42676FC0A00034007;
			remoteInfo = Fika;
		};
/* End PBXContainerItemProxy section */

/* Begin PBXFileReference section */
		2E7E38E52676FC0A00034007 /* Fika.app */ = {isa = PBXFileReference; explicitFileType = wrapper.application; includeInIndex = 0; path = Fika.app; sourceTree = BUILT_PRODUCTS_DIR; };
		2E7E38E82676FC0A00034007 /* AppDelegate.swift */ = {isa = PBXFileReference; lastKnownFileType = sourcecode.swift; path = AppDelegate.swift; sourceTree = "<group>"; };
		2E7E38EA2676FC0A00034007 /* SceneDelegate.swift */ = {isa = PBXFileReference; lastKnownFileType = sourcecode.swift; path = SceneDelegate.swift; sourceTree = "<group>"; };
		2E7E38EC2676FC0A00034007 /* ViewController.swift */ = {isa = PBXFileReference; lastKnownFileType = sourcecode.swift; path = ViewController.swift; sourceTree = "<group>"; };
		2E7E38EF2676FC0A00034007 /* Base */ = {isa = PBXFileReference; lastKnownFileType = file.storyboard; name = Base; path = Base.lproj/Main.storyboard; sourceTree = "<group>"; };
		2E7E38F12676FC0C00034007 /* Assets.xcassets */ = {isa = PBXFileReference; lastKnownFileType = folder.assetcatalog; path = Assets.xcassets; sourceTree = "<group>"; };
		2E7E38F42676FC0C00034007 /* Base */ = {isa = PBXFileReference; lastKnownFileType = file.storyboard; name = Base; path = Base.lproj/LaunchScreen.storyboard; sourceTree = "<group>"; };
		2E7E38F62676FC0C00034007 /* Info.plist */ = {isa = PBXFileReference; lastKnownFileType = text.plist.xml; path = Info.plist; sourceTree = "<group>"; };
		2E7E38FB2676FC0C00034007 /* FikaTests.xctest */ = {isa = PBXFileReference; explicitFileType = wrapper.cfbundle; includeInIndex = 0; path = FikaTests.xctest; sourceTree = BUILT_PRODUCTS_DIR; };
		2E7E38FF2676FC0C00034007 /* FikaTests.swift */ = {isa = PBXFileReference; lastKnownFileType = sourcecode.swift; path = FikaTests.swift; sourceTree = "<group>"; };
		2E7E39012676FC0C00034007 /* Info.plist */ = {isa = PBXFileReference; lastKnownFileType = text.plist.xml; path = Info.plist; sourceTree = "<group>"; };
		2E7E39062676FC0C00034007 /* FikaUITests.xctest */ = {isa = PBXFileReference; explicitFileType = wrapper.cfbundle; includeInIndex = 0; path = FikaUITests.xctest; sourceTree = BUILT_PRODUCTS_DIR; };
		2E7E390A2676FC0C00034007 /* FikaUITests.swift */ = {isa = PBXFileReference; lastKnownFileType = sourcecode.swift; path = FikaUITests.swift; sourceTree = "<group>"; };
		2E7E390C2676FC0C00034007 /* Info.plist */ = {isa = PBXFileReference; lastKnownFileType = text.plist.xml; path = Info.plist; sourceTree = "<group>"; };
		2E7E392526779B8800034007 /* Onboarding.storyboard */ = {isa = PBXFileReference; lastKnownFileType = file.storyboard; path = Onboarding.storyboard; sourceTree = "<group>"; };
		2E7E392826779BF100034007 /* NexaBold.otf */ = {isa = PBXFileReference; lastKnownFileType = file; path = NexaBold.otf; sourceTree = "<group>"; };
		2E7E392926779BF100034007 /* NexaLight.otf */ = {isa = PBXFileReference; lastKnownFileType = file; path = NexaLight.otf; sourceTree = "<group>"; };
		2E7E392D26779EF000034007 /* UIView+ShadowColor.swift */ = {isa = PBXFileReference; lastKnownFileType = sourcecode.swift; path = "UIView+ShadowColor.swift"; sourceTree = "<group>"; };
		2E7E392F2677A6A600034007 /* OnboardingPageViewController.swift */ = {isa = PBXFileReference; lastKnownFileType = sourcecode.swift; path = OnboardingPageViewController.swift; sourceTree = "<group>"; };
		2E7E39322677AAF600034007 /* OnboardingPageViewControllerDelegate.swift */ = {isa = PBXFileReference; lastKnownFileType = sourcecode.swift; path = OnboardingPageViewControllerDelegate.swift; sourceTree = "<group>"; };
		2E7E39342677ACA700034007 /* OnboardingViewController.swift */ = {isa = PBXFileReference; lastKnownFileType = sourcecode.swift; path = OnboardingViewController.swift; sourceTree = "<group>"; };
		2E7E39362677B08200034007 /* PageViewController.swift */ = {isa = PBXFileReference; lastKnownFileType = sourcecode.swift; path = PageViewController.swift; sourceTree = "<group>"; };
		2EAB40752677B5C800FFF586 /* Registration.storyboard */ = {isa = PBXFileReference; lastKnownFileType = file.storyboard; path = Registration.storyboard; sourceTree = "<group>"; };
		2EAB40772677B7DF00FFF586 /* CompanyCodeViewController.swift */ = {isa = PBXFileReference; lastKnownFileType = sourcecode.swift; path = CompanyCodeViewController.swift; sourceTree = "<group>"; };
		2EFA3CDA2677BBD8009B2826 /* TextField.swift */ = {isa = PBXFileReference; lastKnownFileType = sourcecode.swift; path = TextField.swift; sourceTree = "<group>"; };
		2EFA3CDD2677BF1C009B2826 /* AccountRegistrationViewController.swift */ = {isa = PBXFileReference; lastKnownFileType = sourcecode.swift; path = AccountRegistrationViewController.swift; sourceTree = "<group>"; };
/* End PBXFileReference section */

/* Begin PBXFrameworksBuildPhase section */
		2E7E38E22676FC0A00034007 /* Frameworks */ = {
			isa = PBXFrameworksBuildPhase;
			buildActionMask = 2147483647;
			files = (
			);
			runOnlyForDeploymentPostprocessing = 0;
		};
		2E7E38F82676FC0C00034007 /* Frameworks */ = {
			isa = PBXFrameworksBuildPhase;
			buildActionMask = 2147483647;
			files = (
			);
			runOnlyForDeploymentPostprocessing = 0;
		};
		2E7E39032676FC0C00034007 /* Frameworks */ = {
			isa = PBXFrameworksBuildPhase;
			buildActionMask = 2147483647;
			files = (
			);
			runOnlyForDeploymentPostprocessing = 0;
		};
/* End PBXFrameworksBuildPhase section */

/* Begin PBXGroup section */
		2E7E38DC2676FC0A00034007 = {
			isa = PBXGroup;
			children = (
				2E7E38E72676FC0A00034007 /* Fika */,
				2E7E38FE2676FC0C00034007 /* FikaTests */,
				2E7E39092676FC0C00034007 /* FikaUITests */,
				2E7E38E62676FC0A00034007 /* Products */,
			);
			sourceTree = "<group>";
		};
		2E7E38E62676FC0A00034007 /* Products */ = {
			isa = PBXGroup;
			children = (
				2E7E38E52676FC0A00034007 /* Fika.app */,
				2E7E38FB2676FC0C00034007 /* FikaTests.xctest */,
				2E7E39062676FC0C00034007 /* FikaUITests.xctest */,
			);
			name = Products;
			sourceTree = "<group>";
		};
		2E7E38E72676FC0A00034007 /* Fika */ = {
			isa = PBXGroup;
			children = (
				2E7E391E2677084600034007 /* Models */,
				2E7E391D2677082E00034007 /* Application */,
				2E7E391C2677082500034007 /* Common */,
				2E7E391B2677081D00034007 /* Assets */,
				2E7E391A2677081200034007 /* Bootstrap */,
				2E7E39192677080600034007 /* Supporting Files */,
			);
			path = Fika;
			sourceTree = "<group>";
		};
		2E7E38FE2676FC0C00034007 /* FikaTests */ = {
			isa = PBXGroup;
			children = (
				2E7E38FF2676FC0C00034007 /* FikaTests.swift */,
				2E7E39012676FC0C00034007 /* Info.plist */,
			);
			path = FikaTests;
			sourceTree = "<group>";
		};
		2E7E39092676FC0C00034007 /* FikaUITests */ = {
			isa = PBXGroup;
			children = (
				2E7E390A2676FC0C00034007 /* FikaUITests.swift */,
				2E7E390C2676FC0C00034007 /* Info.plist */,
			);
			path = FikaUITests;
			sourceTree = "<group>";
		};
		2E7E39192677080600034007 /* Supporting Files */ = {
			isa = PBXGroup;
			children = (
				2E7E38F62676FC0C00034007 /* Info.plist */,
			);
			path = "Supporting Files";
			sourceTree = "<group>";
		};
		2E7E391A2677081200034007 /* Bootstrap */ = {
			isa = PBXGroup;
			children = (
				2E7E38E82676FC0A00034007 /* AppDelegate.swift */,
				2E7E38EA2676FC0A00034007 /* SceneDelegate.swift */,
				2E7E38F32676FC0C00034007 /* LaunchScreen.storyboard */,
			);
			path = Bootstrap;
			sourceTree = "<group>";
		};
		2E7E391B2677081D00034007 /* Assets */ = {
			isa = PBXGroup;
			children = (
				2E7E38F12676FC0C00034007 /* Assets.xcassets */,
				2E7E392726779BE100034007 /* Fonts */,
			);
			path = Assets;
			sourceTree = "<group>";
		};
		2E7E391C2677082500034007 /* Common */ = {
			isa = PBXGroup;
			children = (
				2EFA3CDC2677BBE3009B2826 /* Views */,
				2E7E392C26779ED900034007 /* Extensions */,
			);
			path = Common;
			sourceTree = "<group>";
		};
		2E7E391D2677082E00034007 /* Application */ = {
			isa = PBXGroup;
			children = (
				2E7E392226779AA600034007 /* Onboarding */,
				2EAB40722677B59D00FFF586 /* Registration */,
				2E7E391F2677086200034007 /* Main */,
			);
			path = Application;
			sourceTree = "<group>";
		};
		2E7E391E2677084600034007 /* Models */ = {
			isa = PBXGroup;
			children = (
			);
			path = Models;
			sourceTree = "<group>";
		};
		2E7E391F2677086200034007 /* Main */ = {
			isa = PBXGroup;
			children = (
				2E7E39202677086A00034007 /* Views */,
				2E7E39212677087100034007 /* Controllers */,
			);
			path = Main;
			sourceTree = "<group>";
		};
		2E7E39202677086A00034007 /* Views */ = {
			isa = PBXGroup;
			children = (
				2E7E38EE2676FC0A00034007 /* Main.storyboard */,
			);
			path = Views;
			sourceTree = "<group>";
		};
		2E7E39212677087100034007 /* Controllers */ = {
			isa = PBXGroup;
			children = (
				2E7E38EC2676FC0A00034007 /* ViewController.swift */,
			);
			path = Controllers;
			sourceTree = "<group>";
		};
		2E7E392226779AA600034007 /* Onboarding */ = {
			isa = PBXGroup;
			children = (
				2E7E392326779B3D00034007 /* Views */,
				2E7E392426779B4100034007 /* Controllers */,
				2E7E39312677AADC00034007 /* Protocols */,
			);
			path = Onboarding;
			sourceTree = "<group>";
		};
		2E7E392326779B3D00034007 /* Views */ = {
			isa = PBXGroup;
			children = (
				2E7E392526779B8800034007 /* Onboarding.storyboard */,
			);
			path = Views;
			sourceTree = "<group>";
		};
		2E7E392426779B4100034007 /* Controllers */ = {
			isa = PBXGroup;
			children = (
				2E7E392F2677A6A600034007 /* OnboardingPageViewController.swift */,
				2E7E39342677ACA700034007 /* OnboardingViewController.swift */,
			);
			path = Controllers;
			sourceTree = "<group>";
		};
		2E7E392726779BE100034007 /* Fonts */ = {
			isa = PBXGroup;
			children = (
				2E7E392826779BF100034007 /* NexaBold.otf */,
				2E7E392926779BF100034007 /* NexaLight.otf */,
			);
			path = Fonts;
			sourceTree = "<group>";
		};
		2E7E392C26779ED900034007 /* Extensions */ = {
			isa = PBXGroup;
			children = (
				2E7E392D26779EF000034007 /* UIView+ShadowColor.swift */,
			);
			path = Extensions;
			sourceTree = "<group>";
		};
		2E7E39312677AADC00034007 /* Protocols */ = {
			isa = PBXGroup;
			children = (
				2E7E39322677AAF600034007 /* OnboardingPageViewControllerDelegate.swift */,
				2E7E39362677B08200034007 /* PageViewController.swift */,
			);
			path = Protocols;
			sourceTree = "<group>";
		};
		2EAB40722677B59D00FFF586 /* Registration */ = {
			isa = PBXGroup;
			children = (
				2EAB40732677B5AF00FFF586 /* Views */,
				2EAB40742677B5B400FFF586 /* Controllers */,
			);
			path = Registration;
			sourceTree = "<group>";
		};
		2EAB40732677B5AF00FFF586 /* Views */ = {
			isa = PBXGroup;
			children = (
				2EAB40752677B5C800FFF586 /* Registration.storyboard */,
			);
			path = Views;
			sourceTree = "<group>";
		};
		2EAB40742677B5B400FFF586 /* Controllers */ = {
			isa = PBXGroup;
			children = (
				2EAB40772677B7DF00FFF586 /* CompanyCodeViewController.swift */,
				2EFA3CDD2677BF1C009B2826 /* AccountRegistrationViewController.swift */,
			);
			path = Controllers;
			sourceTree = "<group>";
		};
		2EFA3CDC2677BBE3009B2826 /* Views */ = {
			isa = PBXGroup;
			children = (
				2EFA3CDA2677BBD8009B2826 /* TextField.swift */,
			);
			path = Views;
			sourceTree = "<group>";
		};
/* End PBXGroup section */

/* Begin PBXNativeTarget section */
		2E7E38E42676FC0A00034007 /* Fika */ = {
			isa = PBXNativeTarget;
			buildConfigurationList = 2E7E390F2676FC0C00034007 /* Build configuration list for PBXNativeTarget "Fika" */;
			buildPhases = (
				2E7E39182677041A00034007 /* ShellScript */,
				2E7E38E12676FC0A00034007 /* Sources */,
				2E7E38E22676FC0A00034007 /* Frameworks */,
				2E7E38E32676FC0A00034007 /* Resources */,
			);
			buildRules = (
			);
			dependencies = (
			);
			name = Fika;
			productName = Fika;
			productReference = 2E7E38E52676FC0A00034007 /* Fika.app */;
			productType = "com.apple.product-type.application";
		};
		2E7E38FA2676FC0C00034007 /* FikaTests */ = {
			isa = PBXNativeTarget;
			buildConfigurationList = 2E7E39122676FC0C00034007 /* Build configuration list for PBXNativeTarget "FikaTests" */;
			buildPhases = (
				2E7E38F72676FC0C00034007 /* Sources */,
				2E7E38F82676FC0C00034007 /* Frameworks */,
				2E7E38F92676FC0C00034007 /* Resources */,
			);
			buildRules = (
			);
			dependencies = (
				2E7E38FD2676FC0C00034007 /* PBXTargetDependency */,
			);
			name = FikaTests;
			productName = FikaTests;
			productReference = 2E7E38FB2676FC0C00034007 /* FikaTests.xctest */;
			productType = "com.apple.product-type.bundle.unit-test";
		};
		2E7E39052676FC0C00034007 /* FikaUITests */ = {
			isa = PBXNativeTarget;
			buildConfigurationList = 2E7E39152676FC0C00034007 /* Build configuration list for PBXNativeTarget "FikaUITests" */;
			buildPhases = (
				2E7E39022676FC0C00034007 /* Sources */,
				2E7E39032676FC0C00034007 /* Frameworks */,
				2E7E39042676FC0C00034007 /* Resources */,
			);
			buildRules = (
			);
			dependencies = (
				2E7E39082676FC0C00034007 /* PBXTargetDependency */,
			);
			name = FikaUITests;
			productName = FikaUITests;
			productReference = 2E7E39062676FC0C00034007 /* FikaUITests.xctest */;
			productType = "com.apple.product-type.bundle.ui-testing";
		};
/* End PBXNativeTarget section */

/* Begin PBXProject section */
		2E7E38DD2676FC0A00034007 /* Project object */ = {
			isa = PBXProject;
			attributes = {
				LastSwiftUpdateCheck = 1250;
				LastUpgradeCheck = 1250;
				TargetAttributes = {
					2E7E38E42676FC0A00034007 = {
						CreatedOnToolsVersion = 12.5;
					};
					2E7E38FA2676FC0C00034007 = {
						CreatedOnToolsVersion = 12.5;
						TestTargetID = 2E7E38E42676FC0A00034007;
					};
					2E7E39052676FC0C00034007 = {
						CreatedOnToolsVersion = 12.5;
						TestTargetID = 2E7E38E42676FC0A00034007;
					};
				};
			};
			buildConfigurationList = 2E7E38E02676FC0A00034007 /* Build configuration list for PBXProject "Fika" */;
			compatibilityVersion = "Xcode 9.3";
			developmentRegion = en;
			hasScannedForEncodings = 0;
			knownRegions = (
				en,
				Base,
			);
			mainGroup = 2E7E38DC2676FC0A00034007;
			productRefGroup = 2E7E38E62676FC0A00034007 /* Products */;
			projectDirPath = "";
			projectRoot = "";
			targets = (
				2E7E38E42676FC0A00034007 /* Fika */,
				2E7E38FA2676FC0C00034007 /* FikaTests */,
				2E7E39052676FC0C00034007 /* FikaUITests */,
			);
		};
/* End PBXProject section */

/* Begin PBXResourcesBuildPhase section */
		2E7E38E32676FC0A00034007 /* Resources */ = {
			isa = PBXResourcesBuildPhase;
			buildActionMask = 2147483647;
			files = (
				2E7E38F52676FC0C00034007 /* LaunchScreen.storyboard in Resources */,
				2E7E38F22676FC0C00034007 /* Assets.xcassets in Resources */,
				2E7E38F02676FC0A00034007 /* Main.storyboard in Resources */,
				2EAB40762677B5C800FFF586 /* Registration.storyboard in Resources */,
				2E7E392A26779C0300034007 /* NexaBold.otf in Resources */,
				2E7E392626779B8800034007 /* Onboarding.storyboard in Resources */,
				2E7E392B26779C0800034007 /* NexaLight.otf in Resources */,
			);
			runOnlyForDeploymentPostprocessing = 0;
		};
		2E7E38F92676FC0C00034007 /* Resources */ = {
			isa = PBXResourcesBuildPhase;
			buildActionMask = 2147483647;
			files = (
			);
			runOnlyForDeploymentPostprocessing = 0;
		};
		2E7E39042676FC0C00034007 /* Resources */ = {
			isa = PBXResourcesBuildPhase;
			buildActionMask = 2147483647;
			files = (
			);
			runOnlyForDeploymentPostprocessing = 0;
		};
/* End PBXResourcesBuildPhase section */

/* Begin PBXShellScriptBuildPhase section */
		2E7E39182677041A00034007 /* ShellScript */ = {
			isa = PBXShellScriptBuildPhase;
			buildActionMask = 2147483647;
			files = (
			);
			inputFileListPaths = (
			);
			inputPaths = (
			);
			outputFileListPaths = (
			);
			outputPaths = (
			);
			runOnlyForDeploymentPostprocessing = 0;
			shellPath = /bin/sh;
			shellScript = "if which swiftlint >/dev/null; then\n  swiftlint autocorrect && swiftlint\nelse\n  echo \"warning: SwiftLint not installed, download from https://github.com/realm/SwiftLint\"\nfi\n";
		};
/* End PBXShellScriptBuildPhase section */

/* Begin PBXSourcesBuildPhase section */
		2E7E38E12676FC0A00034007 /* Sources */ = {
			isa = PBXSourcesBuildPhase;
			buildActionMask = 2147483647;
			files = (
				2E7E392E26779EF000034007 /* UIView+ShadowColor.swift in Sources */,
				2EFA3CDE2677BF1C009B2826 /* AccountRegistrationViewController.swift in Sources */,
				2E7E38ED2676FC0A00034007 /* ViewController.swift in Sources */,
				2E7E39302677A6A700034007 /* OnboardingPageViewController.swift in Sources */,
				2EFA3CDB2677BBD8009B2826 /* TextField.swift in Sources */,
				2EAB40782677B7DF00FFF586 /* CompanyCodeViewController.swift in Sources */,
				2E7E39332677AAF600034007 /* OnboardingPageViewControllerDelegate.swift in Sources */,
				2E7E39352677ACA700034007 /* OnboardingViewController.swift in Sources */,
				2E7E38E92676FC0A00034007 /* AppDelegate.swift in Sources */,
				2E7E38EB2676FC0A00034007 /* SceneDelegate.swift in Sources */,
				2E7E39372677B08200034007 /* PageViewController.swift in Sources */,
			);
			runOnlyForDeploymentPostprocessing = 0;
		};
		2E7E38F72676FC0C00034007 /* Sources */ = {
			isa = PBXSourcesBuildPhase;
			buildActionMask = 2147483647;
			files = (
				2E7E39002676FC0C00034007 /* FikaTests.swift in Sources */,
			);
			runOnlyForDeploymentPostprocessing = 0;
		};
		2E7E39022676FC0C00034007 /* Sources */ = {
			isa = PBXSourcesBuildPhase;
			buildActionMask = 2147483647;
			files = (
				2E7E390B2676FC0C00034007 /* FikaUITests.swift in Sources */,
			);
			runOnlyForDeploymentPostprocessing = 0;
		};
/* End PBXSourcesBuildPhase section */

/* Begin PBXTargetDependency section */
		2E7E38FD2676FC0C00034007 /* PBXTargetDependency */ = {
			isa = PBXTargetDependency;
			target = 2E7E38E42676FC0A00034007 /* Fika */;
			targetProxy = 2E7E38FC2676FC0C00034007 /* PBXContainerItemProxy */;
		};
		2E7E39082676FC0C00034007 /* PBXTargetDependency */ = {
			isa = PBXTargetDependency;
			target = 2E7E38E42676FC0A00034007 /* Fika */;
			targetProxy = 2E7E39072676FC0C00034007 /* PBXContainerItemProxy */;
		};
/* End PBXTargetDependency section */

/* Begin PBXVariantGroup section */
		2E7E38EE2676FC0A00034007 /* Main.storyboard */ = {
			isa = PBXVariantGroup;
			children = (
				2E7E38EF2676FC0A00034007 /* Base */,
			);
			name = Main.storyboard;
			sourceTree = "<group>";
		};
		2E7E38F32676FC0C00034007 /* LaunchScreen.storyboard */ = {
			isa = PBXVariantGroup;
			children = (
				2E7E38F42676FC0C00034007 /* Base */,
			);
			name = LaunchScreen.storyboard;
			sourceTree = "<group>";
		};
/* End PBXVariantGroup section */

/* Begin XCBuildConfiguration section */
		2E7E390D2676FC0C00034007 /* Debug */ = {
			isa = XCBuildConfiguration;
			buildSettings = {
				ALWAYS_SEARCH_USER_PATHS = NO;
				CLANG_ANALYZER_NONNULL = YES;
				CLANG_ANALYZER_NUMBER_OBJECT_CONVERSION = YES_AGGRESSIVE;
				CLANG_CXX_LANGUAGE_STANDARD = "gnu++14";
				CLANG_CXX_LIBRARY = "libc++";
				CLANG_ENABLE_MODULES = YES;
				CLANG_ENABLE_OBJC_ARC = YES;
				CLANG_ENABLE_OBJC_WEAK = YES;
				CLANG_WARN_BLOCK_CAPTURE_AUTORELEASING = YES;
				CLANG_WARN_BOOL_CONVERSION = YES;
				CLANG_WARN_COMMA = YES;
				CLANG_WARN_CONSTANT_CONVERSION = YES;
				CLANG_WARN_DEPRECATED_OBJC_IMPLEMENTATIONS = YES;
				CLANG_WARN_DIRECT_OBJC_ISA_USAGE = YES_ERROR;
				CLANG_WARN_DOCUMENTATION_COMMENTS = YES;
				CLANG_WARN_EMPTY_BODY = YES;
				CLANG_WARN_ENUM_CONVERSION = YES;
				CLANG_WARN_INFINITE_RECURSION = YES;
				CLANG_WARN_INT_CONVERSION = YES;
				CLANG_WARN_NON_LITERAL_NULL_CONVERSION = YES;
				CLANG_WARN_OBJC_IMPLICIT_RETAIN_SELF = YES;
				CLANG_WARN_OBJC_LITERAL_CONVERSION = YES;
				CLANG_WARN_OBJC_ROOT_CLASS = YES_ERROR;
				CLANG_WARN_QUOTED_INCLUDE_IN_FRAMEWORK_HEADER = YES;
				CLANG_WARN_RANGE_LOOP_ANALYSIS = YES;
				CLANG_WARN_STRICT_PROTOTYPES = YES;
				CLANG_WARN_SUSPICIOUS_MOVE = YES;
				CLANG_WARN_UNGUARDED_AVAILABILITY = YES_AGGRESSIVE;
				CLANG_WARN_UNREACHABLE_CODE = YES;
				CLANG_WARN__DUPLICATE_METHOD_MATCH = YES;
				COPY_PHASE_STRIP = NO;
				DEBUG_INFORMATION_FORMAT = dwarf;
				ENABLE_STRICT_OBJC_MSGSEND = YES;
				ENABLE_TESTABILITY = YES;
				GCC_C_LANGUAGE_STANDARD = gnu11;
				GCC_DYNAMIC_NO_PIC = NO;
				GCC_NO_COMMON_BLOCKS = YES;
				GCC_OPTIMIZATION_LEVEL = 0;
				GCC_PREPROCESSOR_DEFINITIONS = (
					"DEBUG=1",
					"$(inherited)",
				);
				GCC_WARN_64_TO_32_BIT_CONVERSION = YES;
				GCC_WARN_ABOUT_RETURN_TYPE = YES_ERROR;
				GCC_WARN_UNDECLARED_SELECTOR = YES;
				GCC_WARN_UNINITIALIZED_AUTOS = YES_AGGRESSIVE;
				GCC_WARN_UNUSED_FUNCTION = YES;
				GCC_WARN_UNUSED_VARIABLE = YES;
				IPHONEOS_DEPLOYMENT_TARGET = 14.5;
				MTL_ENABLE_DEBUG_INFO = INCLUDE_SOURCE;
				MTL_FAST_MATH = YES;
				ONLY_ACTIVE_ARCH = YES;
				SDKROOT = iphoneos;
				SWIFT_ACTIVE_COMPILATION_CONDITIONS = DEBUG;
				SWIFT_OPTIMIZATION_LEVEL = "-Onone";
			};
			name = Debug;
		};
		2E7E390E2676FC0C00034007 /* Release */ = {
			isa = XCBuildConfiguration;
			buildSettings = {
				ALWAYS_SEARCH_USER_PATHS = NO;
				CLANG_ANALYZER_NONNULL = YES;
				CLANG_ANALYZER_NUMBER_OBJECT_CONVERSION = YES_AGGRESSIVE;
				CLANG_CXX_LANGUAGE_STANDARD = "gnu++14";
				CLANG_CXX_LIBRARY = "libc++";
				CLANG_ENABLE_MODULES = YES;
				CLANG_ENABLE_OBJC_ARC = YES;
				CLANG_ENABLE_OBJC_WEAK = YES;
				CLANG_WARN_BLOCK_CAPTURE_AUTORELEASING = YES;
				CLANG_WARN_BOOL_CONVERSION = YES;
				CLANG_WARN_COMMA = YES;
				CLANG_WARN_CONSTANT_CONVERSION = YES;
				CLANG_WARN_DEPRECATED_OBJC_IMPLEMENTATIONS = YES;
				CLANG_WARN_DIRECT_OBJC_ISA_USAGE = YES_ERROR;
				CLANG_WARN_DOCUMENTATION_COMMENTS = YES;
				CLANG_WARN_EMPTY_BODY = YES;
				CLANG_WARN_ENUM_CONVERSION = YES;
				CLANG_WARN_INFINITE_RECURSION = YES;
				CLANG_WARN_INT_CONVERSION = YES;
				CLANG_WARN_NON_LITERAL_NULL_CONVERSION = YES;
				CLANG_WARN_OBJC_IMPLICIT_RETAIN_SELF = YES;
				CLANG_WARN_OBJC_LITERAL_CONVERSION = YES;
				CLANG_WARN_OBJC_ROOT_CLASS = YES_ERROR;
				CLANG_WARN_QUOTED_INCLUDE_IN_FRAMEWORK_HEADER = YES;
				CLANG_WARN_RANGE_LOOP_ANALYSIS = YES;
				CLANG_WARN_STRICT_PROTOTYPES = YES;
				CLANG_WARN_SUSPICIOUS_MOVE = YES;
				CLANG_WARN_UNGUARDED_AVAILABILITY = YES_AGGRESSIVE;
				CLANG_WARN_UNREACHABLE_CODE = YES;
				CLANG_WARN__DUPLICATE_METHOD_MATCH = YES;
				COPY_PHASE_STRIP = NO;
				DEBUG_INFORMATION_FORMAT = "dwarf-with-dsym";
				ENABLE_NS_ASSERTIONS = NO;
				ENABLE_STRICT_OBJC_MSGSEND = YES;
				GCC_C_LANGUAGE_STANDARD = gnu11;
				GCC_NO_COMMON_BLOCKS = YES;
				GCC_WARN_64_TO_32_BIT_CONVERSION = YES;
				GCC_WARN_ABOUT_RETURN_TYPE = YES_ERROR;
				GCC_WARN_UNDECLARED_SELECTOR = YES;
				GCC_WARN_UNINITIALIZED_AUTOS = YES_AGGRESSIVE;
				GCC_WARN_UNUSED_FUNCTION = YES;
				GCC_WARN_UNUSED_VARIABLE = YES;
				IPHONEOS_DEPLOYMENT_TARGET = 14.5;
				MTL_ENABLE_DEBUG_INFO = NO;
				MTL_FAST_MATH = YES;
				SDKROOT = iphoneos;
				SWIFT_COMPILATION_MODE = wholemodule;
				SWIFT_OPTIMIZATION_LEVEL = "-O";
				VALIDATE_PRODUCT = YES;
			};
			name = Release;
		};
		2E7E39102676FC0C00034007 /* Debug */ = {
			isa = XCBuildConfiguration;
			buildSettings = {
				ASSETCATALOG_COMPILER_APPICON_NAME = AppIcon;
				ASSETCATALOG_COMPILER_GLOBAL_ACCENT_COLOR_NAME = AccentColor;
				CODE_SIGN_STYLE = Automatic;
				DEVELOPMENT_TEAM = K9H85859Q4;
				INFOPLIST_FILE = "Fika/Supporting Files/Info.plist";
				LD_RUNPATH_SEARCH_PATHS = (
					"$(inherited)",
					"@executable_path/Frameworks",
				);
				PRODUCT_BUNDLE_IDENTIFIER = com.hanmingdev.Fika;
				PRODUCT_NAME = "$(TARGET_NAME)";
				SWIFT_VERSION = 5.0;
				TARGETED_DEVICE_FAMILY = 1;
			};
			name = Debug;
		};
		2E7E39112676FC0C00034007 /* Release */ = {
			isa = XCBuildConfiguration;
			buildSettings = {
				ASSETCATALOG_COMPILER_APPICON_NAME = AppIcon;
				ASSETCATALOG_COMPILER_GLOBAL_ACCENT_COLOR_NAME = AccentColor;
				CODE_SIGN_STYLE = Automatic;
				DEVELOPMENT_TEAM = K9H85859Q4;
				INFOPLIST_FILE = "Fika/Supporting Files/Info.plist";
				LD_RUNPATH_SEARCH_PATHS = (
					"$(inherited)",
					"@executable_path/Frameworks",
				);
				PRODUCT_BUNDLE_IDENTIFIER = com.hanmingdev.Fika;
				PRODUCT_NAME = "$(TARGET_NAME)";
				SWIFT_VERSION = 5.0;
				TARGETED_DEVICE_FAMILY = 1;
			};
			name = Release;
		};
		2E7E39132676FC0C00034007 /* Debug */ = {
			isa = XCBuildConfiguration;
			buildSettings = {
				ALWAYS_EMBED_SWIFT_STANDARD_LIBRARIES = YES;
				BUNDLE_LOADER = "$(TEST_HOST)";
				CODE_SIGN_STYLE = Automatic;
				DEVELOPMENT_TEAM = K9H85859Q4;
				INFOPLIST_FILE = FikaTests/Info.plist;
				IPHONEOS_DEPLOYMENT_TARGET = 14.5;
				LD_RUNPATH_SEARCH_PATHS = (
					"$(inherited)",
					"@executable_path/Frameworks",
					"@loader_path/Frameworks",
				);
				PRODUCT_BUNDLE_IDENTIFIER = com.hanmingdev.FikaTests;
				PRODUCT_NAME = "$(TARGET_NAME)";
				SWIFT_VERSION = 5.0;
				TARGETED_DEVICE_FAMILY = "1,2";
				TEST_HOST = "$(BUILT_PRODUCTS_DIR)/Fika.app/Fika";
			};
			name = Debug;
		};
		2E7E39142676FC0C00034007 /* Release */ = {
			isa = XCBuildConfiguration;
			buildSettings = {
				ALWAYS_EMBED_SWIFT_STANDARD_LIBRARIES = YES;
				BUNDLE_LOADER = "$(TEST_HOST)";
				CODE_SIGN_STYLE = Automatic;
				DEVELOPMENT_TEAM = K9H85859Q4;
				INFOPLIST_FILE = FikaTests/Info.plist;
				IPHONEOS_DEPLOYMENT_TARGET = 14.5;
				LD_RUNPATH_SEARCH_PATHS = (
					"$(inherited)",
					"@executable_path/Frameworks",
					"@loader_path/Frameworks",
				);
				PRODUCT_BUNDLE_IDENTIFIER = com.hanmingdev.FikaTests;
				PRODUCT_NAME = "$(TARGET_NAME)";
				SWIFT_VERSION = 5.0;
				TARGETED_DEVICE_FAMILY = "1,2";
				TEST_HOST = "$(BUILT_PRODUCTS_DIR)/Fika.app/Fika";
			};
			name = Release;
		};
		2E7E39162676FC0C00034007 /* Debug */ = {
			isa = XCBuildConfiguration;
			buildSettings = {
				ALWAYS_EMBED_SWIFT_STANDARD_LIBRARIES = YES;
				CODE_SIGN_STYLE = Automatic;
				DEVELOPMENT_TEAM = K9H85859Q4;
				INFOPLIST_FILE = FikaUITests/Info.plist;
				LD_RUNPATH_SEARCH_PATHS = (
					"$(inherited)",
					"@executable_path/Frameworks",
					"@loader_path/Frameworks",
				);
				PRODUCT_BUNDLE_IDENTIFIER = com.hanmingdev.FikaUITests;
				PRODUCT_NAME = "$(TARGET_NAME)";
				SWIFT_VERSION = 5.0;
				TARGETED_DEVICE_FAMILY = "1,2";
				TEST_TARGET_NAME = Fika;
			};
			name = Debug;
		};
		2E7E39172676FC0C00034007 /* Release */ = {
			isa = XCBuildConfiguration;
			buildSettings = {
				ALWAYS_EMBED_SWIFT_STANDARD_LIBRARIES = YES;
				CODE_SIGN_STYLE = Automatic;
				DEVELOPMENT_TEAM = K9H85859Q4;
				INFOPLIST_FILE = FikaUITests/Info.plist;
				LD_RUNPATH_SEARCH_PATHS = (
					"$(inherited)",
					"@executable_path/Frameworks",
					"@loader_path/Frameworks",
				);
				PRODUCT_BUNDLE_IDENTIFIER = com.hanmingdev.FikaUITests;
				PRODUCT_NAME = "$(TARGET_NAME)";
				SWIFT_VERSION = 5.0;
				TARGETED_DEVICE_FAMILY = "1,2";
				TEST_TARGET_NAME = Fika;
			};
			name = Release;
		};
/* End XCBuildConfiguration section */

/* Begin XCConfigurationList section */
		2E7E38E02676FC0A00034007 /* Build configuration list for PBXProject "Fika" */ = {
			isa = XCConfigurationList;
			buildConfigurations = (
				2E7E390D2676FC0C00034007 /* Debug */,
				2E7E390E2676FC0C00034007 /* Release */,
			);
			defaultConfigurationIsVisible = 0;
			defaultConfigurationName = Release;
		};
		2E7E390F2676FC0C00034007 /* Build configuration list for PBXNativeTarget "Fika" */ = {
			isa = XCConfigurationList;
			buildConfigurations = (
				2E7E39102676FC0C00034007 /* Debug */,
				2E7E39112676FC0C00034007 /* Release */,
			);
			defaultConfigurationIsVisible = 0;
			defaultConfigurationName = Release;
		};
		2E7E39122676FC0C00034007 /* Build configuration list for PBXNativeTarget "FikaTests" */ = {
			isa = XCConfigurationList;
			buildConfigurations = (
				2E7E39132676FC0C00034007 /* Debug */,
				2E7E39142676FC0C00034007 /* Release */,
			);
			defaultConfigurationIsVisible = 0;
			defaultConfigurationName = Release;
		};
		2E7E39152676FC0C00034007 /* Build configuration list for PBXNativeTarget "FikaUITests" */ = {
			isa = XCConfigurationList;
			buildConfigurations = (
				2E7E39162676FC0C00034007 /* Debug */,
				2E7E39172676FC0C00034007 /* Release */,
			);
			defaultConfigurationIsVisible = 0;
			defaultConfigurationName = Release;
		};
/* End XCConfigurationList section */
	};
	rootObject = 2E7E38DD2676FC0A00034007 /* Project object */;
}
